// !$*UTF8*$!
{
	archiveVersion = 1;
	classes = {
	};
	objectVersion = 46;
	objects = {

/* Begin PBXBuildFile section */
		844CB6271C17179900710E8D /* main.m in Sources */ = {isa = PBXBuildFile; fileRef = 844CB6261C17179900710E8D /* main.m */; };
		844CB62A1C17179900710E8D /* AppDelegate.m in Sources */ = {isa = PBXBuildFile; fileRef = 844CB6291C17179900710E8D /* AppDelegate.m */; };
		844CB62D1C17179900710E8D /* ViewController.m in Sources */ = {isa = PBXBuildFile; fileRef = 844CB62C1C17179900710E8D /* ViewController.m */; };
		844CB6301C17179900710E8D /* Main.storyboard in Resources */ = {isa = PBXBuildFile; fileRef = 844CB62E1C17179900710E8D /* Main.storyboard */; };
		844CB6321C17179900710E8D /* Images.xcassets in Resources */ = {isa = PBXBuildFile; fileRef = 844CB6311C17179900710E8D /* Images.xcassets */; };
		844CB6351C17179900710E8D /* LaunchScreen.xib in Resources */ = {isa = PBXBuildFile; fileRef = 844CB6331C17179900710E8D /* LaunchScreen.xib */; };
		844CB6411C17179900710E8D /* ListenProjectTests.m in Sources */ = {isa = PBXBuildFile; fileRef = 844CB6401C17179900710E8D /* ListenProjectTests.m */; };
		844CB67E1C1717CC00710E8D /* MLBlackTransition.m in Sources */ = {isa = PBXBuildFile; fileRef = 844CB64F1C1717CC00710E8D /* MLBlackTransition.m */; };
		844CB67F1C1717CC00710E8D /* MLTransitionAnimation.m in Sources */ = {isa = PBXBuildFile; fileRef = 844CB6521C1717CC00710E8D /* MLTransitionAnimation.m */; };
		844CB6801C1717CC00710E8D /* UIViewController+MLTransition.m in Sources */ = {isa = PBXBuildFile; fileRef = 844CB6541C1717CC00710E8D /* UIViewController+MLTransition.m */; };
		844CB6811C1717CC00710E8D /* QHCommonUtil.m in Sources */ = {isa = PBXBuildFile; fileRef = 844CB6571C1717CC00710E8D /* QHCommonUtil.m */; };
		844CB6821C1717CC00710E8D /* QHConfiguredObj.m in Sources */ = {isa = PBXBuildFile; fileRef = 844CB6591C1717CC00710E8D /* QHConfiguredObj.m */; };
		844CB6831C1717CC00710E8D /* home_Nav.png in Resources */ = {isa = PBXBuildFile; fileRef = 844CB65C1C1717CC00710E8D /* home_Nav.png */; };
		844CB6841C1717CC00710E8D /* home_Nav@2x.png in Resources */ = {isa = PBXBuildFile; fileRef = 844CB65D1C1717CC00710E8D /* home_Nav@2x.png */; };
		844CB6851C1717CC00710E8D /* Tabar_background@2x.png in Resources */ = {isa = PBXBuildFile; fileRef = 844CB65E1C1717CC00710E8D /* Tabar_background@2x.png */; };
		844CB6861C1717CC00710E8D /* SliderViewController.m in Sources */ = {isa = PBXBuildFile; fileRef = 844CB6601C1717CC00710E8D /* SliderViewController.m */; };
		844CB6871C1717CC00710E8D /* LeftViewController.m in Sources */ = {isa = PBXBuildFile; fileRef = 844CB6641C1717CC00710E8D /* LeftViewController.m */; };
		844CB6881C1717CC00710E8D /* MainTabViewController.m in Sources */ = {isa = PBXBuildFile; fileRef = 844CB6661C1717CC00710E8D /* MainTabViewController.m */; };
		844CB6891C1717CC00710E8D /* YYLetfItemCell.m in Sources */ = {isa = PBXBuildFile; fileRef = 844CB6681C1717CC00710E8D /* YYLetfItemCell.m */; };
		844CB68A1C1717CC00710E8D /* YYTabBaseViewController.m in Sources */ = {isa = PBXBuildFile; fileRef = 844CB66A1C1717CC00710E8D /* YYTabBaseViewController.m */; };
		844CB68B1C1717CC00710E8D /* QHBasicViewController.m in Sources */ = {isa = PBXBuildFile; fileRef = 844CB66D1C1717CC00710E8D /* QHBasicViewController.m */; };
		844CB68C1C1717CC00710E8D /* UIView+KGViewExtend.m in Sources */ = {isa = PBXBuildFile; fileRef = 844CB66F1C1717CC00710E8D /* UIView+KGViewExtend.m */; };
		84B299DB1C191A9600870099 /* CCPlayerViewController.m in Sources */ = {isa = PBXBuildFile; fileRef = 84B299D91C191A9600870099 /* CCPlayerViewController.m */; };
		84B299DC1C191A9600870099 /* CCPlayerViewController.xib in Resources */ = {isa = PBXBuildFile; fileRef = 84B299DA1C191A9600870099 /* CCPlayerViewController.xib */; };
		84B299E11C19509300870099 /* findtab.plist in Resources */ = {isa = PBXBuildFile; fileRef = 84B299DF1C19509300870099 /* findtab.plist */; };
		84B299E21C19509300870099 /* province.plist in Resources */ = {isa = PBXBuildFile; fileRef = 84B299E01C19509300870099 /* province.plist */; };
		84BA23341C18621F00251393 /* CCNavigationController.m in Sources */ = {isa = PBXBuildFile; fileRef = 84BA232E1C18621F00251393 /* CCNavigationController.m */; };
		84BA23351C18621F00251393 /* CCTabBarController.m in Sources */ = {isa = PBXBuildFile; fileRef = 84BA23301C18621F00251393 /* CCTabBarController.m */; };
		84BA233B1C18650000251393 /* CCBaseViewController.m in Sources */ = {isa = PBXBuildFile; fileRef = 84BA233A1C18650000251393 /* CCBaseViewController.m */; };
		84BA233E1C18651500251393 /* CCDiscoverViewController.m in Sources */ = {isa = PBXBuildFile; fileRef = 84BA233D1C18651500251393 /* CCDiscoverViewController.m */; };
		84BA23451C1866CF00251393 /* CCDownloadViewController.m in Sources */ = {isa = PBXBuildFile; fileRef = 84BA23431C1866CF00251393 /* CCDownloadViewController.m */; };
		84BA23461C1866CF00251393 /* CCDownloadViewController.xib in Resources */ = {isa = PBXBuildFile; fileRef = 84BA23441C1866CF00251393 /* CCDownloadViewController.xib */; };
		A55244751C17DB4C0089CC04 /* AFHTTPRequestOperation.m in Sources */ = {isa = PBXBuildFile; fileRef = A55244401C17DB4C0089CC04 /* AFHTTPRequestOperation.m */; };
		A55244761C17DB4C0089CC04 /* AFHTTPRequestOperationManager.m in Sources */ = {isa = PBXBuildFile; fileRef = A55244421C17DB4C0089CC04 /* AFHTTPRequestOperationManager.m */; };
		A55244771C17DB4C0089CC04 /* AFHTTPSessionManager.m in Sources */ = {isa = PBXBuildFile; fileRef = A55244441C17DB4C0089CC04 /* AFHTTPSessionManager.m */; };
		A55244781C17DB4C0089CC04 /* AFNetworkReachabilityManager.m in Sources */ = {isa = PBXBuildFile; fileRef = A55244471C17DB4C0089CC04 /* AFNetworkReachabilityManager.m */; };
		A55244791C17DB4C0089CC04 /* AFSecurityPolicy.m in Sources */ = {isa = PBXBuildFile; fileRef = A55244491C17DB4C0089CC04 /* AFSecurityPolicy.m */; };
		A552447A1C17DB4C0089CC04 /* AFURLConnectionOperation.m in Sources */ = {isa = PBXBuildFile; fileRef = A552444B1C17DB4C0089CC04 /* AFURLConnectionOperation.m */; };
		A552447B1C17DB4C0089CC04 /* AFURLRequestSerialization.m in Sources */ = {isa = PBXBuildFile; fileRef = A552444D1C17DB4C0089CC04 /* AFURLRequestSerialization.m */; };
		A552447C1C17DB4C0089CC04 /* AFURLResponseSerialization.m in Sources */ = {isa = PBXBuildFile; fileRef = A552444F1C17DB4C0089CC04 /* AFURLResponseSerialization.m */; };
		A552447D1C17DB4C0089CC04 /* AFURLSessionManager.m in Sources */ = {isa = PBXBuildFile; fileRef = A55244511C17DB4C0089CC04 /* AFURLSessionManager.m */; };
		A552447F1C17DB4C0089CC04 /* MJRefresh.bundle in Resources */ = {isa = PBXBuildFile; fileRef = A55244551C17DB4C0089CC04 /* MJRefresh.bundle */; };
		A55244801C17DB4C0089CC04 /* MJRefreshBaseView.m in Sources */ = {isa = PBXBuildFile; fileRef = A55244581C17DB4C0089CC04 /* MJRefreshBaseView.m */; };
		A55244811C17DB4C0089CC04 /* MJRefreshConst.m in Sources */ = {isa = PBXBuildFile; fileRef = A552445A1C17DB4C0089CC04 /* MJRefreshConst.m */; };
		A55244821C17DB4C0089CC04 /* MJRefreshFooterView.m in Sources */ = {isa = PBXBuildFile; fileRef = A552445C1C17DB4C0089CC04 /* MJRefreshFooterView.m */; };
		A55244831C17DB4C0089CC04 /* MJRefreshHeaderView.m in Sources */ = {isa = PBXBuildFile; fileRef = A552445E1C17DB4C0089CC04 /* MJRefreshHeaderView.m */; };
		A55244841C17DB4C0089CC04 /* UIButton+StrechableBgImage.m in Sources */ = {isa = PBXBuildFile; fileRef = A55244601C17DB4C0089CC04 /* UIButton+StrechableBgImage.m */; };
		A55244851C17DB4C0089CC04 /* AFNetworkActivityIndicatorManager.m in Sources */ = {isa = PBXBuildFile; fileRef = A55244631C17DB4C0089CC04 /* AFNetworkActivityIndicatorManager.m */; };
		A55244861C17DB4C0089CC04 /* UIActivityIndicatorView+AFNetworking.m in Sources */ = {isa = PBXBuildFile; fileRef = A55244651C17DB4C0089CC04 /* UIActivityIndicatorView+AFNetworking.m */; };
		A55244871C17DB4C0089CC04 /* UIAlertView+AFNetworking.m in Sources */ = {isa = PBXBuildFile; fileRef = A55244671C17DB4C0089CC04 /* UIAlertView+AFNetworking.m */; };
		A55244881C17DB4C0089CC04 /* UIButton+AFNetworking.m in Sources */ = {isa = PBXBuildFile; fileRef = A55244691C17DB4C0089CC04 /* UIButton+AFNetworking.m */; };
		A55244891C17DB4C0089CC04 /* UIImageView+AFNetworking.m in Sources */ = {isa = PBXBuildFile; fileRef = A552446B1C17DB4C0089CC04 /* UIImageView+AFNetworking.m */; };
		A552448A1C17DB4C0089CC04 /* UIProgressView+AFNetworking.m in Sources */ = {isa = PBXBuildFile; fileRef = A552446E1C17DB4C0089CC04 /* UIProgressView+AFNetworking.m */; };
		A552448B1C17DB4C0089CC04 /* UIRefreshControl+AFNetworking.m in Sources */ = {isa = PBXBuildFile; fileRef = A55244701C17DB4C0089CC04 /* UIRefreshControl+AFNetworking.m */; };
		A552448C1C17DB4C0089CC04 /* UIWebView+AFNetworking.m in Sources */ = {isa = PBXBuildFile; fileRef = A55244721C17DB4C0089CC04 /* UIWebView+AFNetworking.m */; };
		A552448D1C17DB4C0089CC04 /* UIView+IPhoneView.m in Sources */ = {isa = PBXBuildFile; fileRef = A55244741C17DB4C0089CC04 /* UIView+IPhoneView.m */; };
		A55244951C17DC4F0089CC04 /* ISNull.m in Sources */ = {isa = PBXBuildFile; fileRef = A55244941C17DC4F0089CC04 /* ISNull.m */; };
		A55244981C17DCB60089CC04 /* BaseHttpClient.m in Sources */ = {isa = PBXBuildFile; fileRef = A55244971C17DCB60089CC04 /* BaseHttpClient.m */; };
		A55244A01C182B920089CC04 /* DataAPI.m in Sources */ = {isa = PBXBuildFile; fileRef = A552449F1C182B920089CC04 /* DataAPI.m */; };
/* End PBXBuildFile section */

/* Begin PBXContainerItemProxy section */
		844CB63B1C17179900710E8D /* PBXContainerItemProxy */ = {
			isa = PBXContainerItemProxy;
			containerPortal = 844CB6191C17179900710E8D /* Project object */;
			proxyType = 1;
			remoteGlobalIDString = 844CB6201C17179900710E8D;
			remoteInfo = ListenProject;
		};
/* End PBXContainerItemProxy section */

/* Begin PBXFileReference section */
		844CB6211C17179900710E8D /* ListenProject.app */ = {isa = PBXFileReference; explicitFileType = wrapper.application; includeInIndex = 0; path = ListenProject.app; sourceTree = BUILT_PRODUCTS_DIR; };
		844CB6251C17179900710E8D /* Info.plist */ = {isa = PBXFileReference; lastKnownFileType = text.plist.xml; path = Info.plist; sourceTree = "<group>"; };
		844CB6261C17179900710E8D /* main.m */ = {isa = PBXFileReference; lastKnownFileType = sourcecode.c.objc; path = main.m; sourceTree = "<group>"; };
		844CB6281C17179900710E8D /* AppDelegate.h */ = {isa = PBXFileReference; lastKnownFileType = sourcecode.c.h; path = AppDelegate.h; sourceTree = "<group>"; };
		844CB6291C17179900710E8D /* AppDelegate.m */ = {isa = PBXFileReference; lastKnownFileType = sourcecode.c.objc; path = AppDelegate.m; sourceTree = "<group>"; };
		844CB62B1C17179900710E8D /* ViewController.h */ = {isa = PBXFileReference; lastKnownFileType = sourcecode.c.h; path = ViewController.h; sourceTree = "<group>"; };
		844CB62C1C17179900710E8D /* ViewController.m */ = {isa = PBXFileReference; lastKnownFileType = sourcecode.c.objc; path = ViewController.m; sourceTree = "<group>"; };
		844CB62F1C17179900710E8D /* Base */ = {isa = PBXFileReference; lastKnownFileType = file.storyboard; name = Base; path = Base.lproj/Main.storyboard; sourceTree = "<group>"; };
		844CB6311C17179900710E8D /* Images.xcassets */ = {isa = PBXFileReference; lastKnownFileType = folder.assetcatalog; path = Images.xcassets; sourceTree = "<group>"; };
		844CB6341C17179900710E8D /* Base */ = {isa = PBXFileReference; lastKnownFileType = file.xib; name = Base; path = Base.lproj/LaunchScreen.xib; sourceTree = "<group>"; };
		844CB63A1C17179900710E8D /* ListenProjectTests.xctest */ = {isa = PBXFileReference; explicitFileType = wrapper.cfbundle; includeInIndex = 0; path = ListenProjectTests.xctest; sourceTree = BUILT_PRODUCTS_DIR; };
		844CB63F1C17179900710E8D /* Info.plist */ = {isa = PBXFileReference; lastKnownFileType = text.plist.xml; path = Info.plist; sourceTree = "<group>"; };
		844CB6401C17179900710E8D /* ListenProjectTests.m */ = {isa = PBXFileReference; lastKnownFileType = sourcecode.c.objc; path = ListenProjectTests.m; sourceTree = "<group>"; };
		844CB64C1C1717CC00710E8D /* Common.h */ = {isa = PBXFileReference; fileEncoding = 4; lastKnownFileType = sourcecode.c.h; path = Common.h; sourceTree = "<group>"; };
		844CB64E1C1717CC00710E8D /* MLBlackTransition.h */ = {isa = PBXFileReference; fileEncoding = 4; lastKnownFileType = sourcecode.c.h; path = MLBlackTransition.h; sourceTree = "<group>"; };
		844CB64F1C1717CC00710E8D /* MLBlackTransition.m */ = {isa = PBXFileReference; fileEncoding = 4; lastKnownFileType = sourcecode.c.objc; path = MLBlackTransition.m; sourceTree = "<group>"; };
		844CB6511C1717CC00710E8D /* MLTransitionAnimation.h */ = {isa = PBXFileReference; fileEncoding = 4; lastKnownFileType = sourcecode.c.h; path = MLTransitionAnimation.h; sourceTree = "<group>"; };
		844CB6521C1717CC00710E8D /* MLTransitionAnimation.m */ = {isa = PBXFileReference; fileEncoding = 4; lastKnownFileType = sourcecode.c.objc; path = MLTransitionAnimation.m; sourceTree = "<group>"; };
		844CB6531C1717CC00710E8D /* UIViewController+MLTransition.h */ = {isa = PBXFileReference; fileEncoding = 4; lastKnownFileType = sourcecode.c.h; path = "UIViewController+MLTransition.h"; sourceTree = "<group>"; };
		844CB6541C1717CC00710E8D /* UIViewController+MLTransition.m */ = {isa = PBXFileReference; fileEncoding = 4; lastKnownFileType = sourcecode.c.objc; path = "UIViewController+MLTransition.m"; sourceTree = "<group>"; };
		844CB6561C1717CC00710E8D /* QHCommonUtil.h */ = {isa = PBXFileReference; fileEncoding = 4; lastKnownFileType = sourcecode.c.h; path = QHCommonUtil.h; sourceTree = "<group>"; };
		844CB6571C1717CC00710E8D /* QHCommonUtil.m */ = {isa = PBXFileReference; fileEncoding = 4; lastKnownFileType = sourcecode.c.objc; path = QHCommonUtil.m; sourceTree = "<group>"; };
		844CB6581C1717CC00710E8D /* QHConfiguredObj.h */ = {isa = PBXFileReference; fileEncoding = 4; lastKnownFileType = sourcecode.c.h; path = QHConfiguredObj.h; sourceTree = "<group>"; };
		844CB6591C1717CC00710E8D /* QHConfiguredObj.m */ = {isa = PBXFileReference; fileEncoding = 4; lastKnownFileType = sourcecode.c.objc; path = QHConfiguredObj.m; sourceTree = "<group>"; };
		844CB65A1C1717CC00710E8D /* QHViewTag.h */ = {isa = PBXFileReference; fileEncoding = 4; lastKnownFileType = sourcecode.c.h; path = QHViewTag.h; sourceTree = "<group>"; };
		844CB65C1C1717CC00710E8D /* home_Nav.png */ = {isa = PBXFileReference; lastKnownFileType = image.png; path = home_Nav.png; sourceTree = "<group>"; };
		844CB65D1C1717CC00710E8D /* home_Nav@2x.png */ = {isa = PBXFileReference; lastKnownFileType = image.png; path = "home_Nav@2x.png"; sourceTree = "<group>"; };
		844CB65E1C1717CC00710E8D /* Tabar_background@2x.png */ = {isa = PBXFileReference; lastKnownFileType = image.png; path = "Tabar_background@2x.png"; sourceTree = "<group>"; };
		844CB65F1C1717CC00710E8D /* SliderViewController.h */ = {isa = PBXFileReference; fileEncoding = 4; lastKnownFileType = sourcecode.c.h; path = SliderViewController.h; sourceTree = "<group>"; };
		844CB6601C1717CC00710E8D /* SliderViewController.m */ = {isa = PBXFileReference; fileEncoding = 4; lastKnownFileType = sourcecode.c.objc; path = SliderViewController.m; sourceTree = "<group>"; };
		844CB6611C1717CC00710E8D /* SliderViewControllerHeader.h */ = {isa = PBXFileReference; fileEncoding = 4; lastKnownFileType = sourcecode.c.h; path = SliderViewControllerHeader.h; sourceTree = "<group>"; };
		844CB6631C1717CC00710E8D /* LeftViewController.h */ = {isa = PBXFileReference; fileEncoding = 4; lastKnownFileType = sourcecode.c.h; path = LeftViewController.h; sourceTree = "<group>"; };
		844CB6641C1717CC00710E8D /* LeftViewController.m */ = {isa = PBXFileReference; fileEncoding = 4; lastKnownFileType = sourcecode.c.objc; path = LeftViewController.m; sourceTree = "<group>"; };
		844CB6651C1717CC00710E8D /* MainTabViewController.h */ = {isa = PBXFileReference; fileEncoding = 4; lastKnownFileType = sourcecode.c.h; path = MainTabViewController.h; sourceTree = "<group>"; };
		844CB6661C1717CC00710E8D /* MainTabViewController.m */ = {isa = PBXFileReference; fileEncoding = 4; lastKnownFileType = sourcecode.c.objc; path = MainTabViewController.m; sourceTree = "<group>"; };
		844CB6671C1717CC00710E8D /* YYLetfItemCell.h */ = {isa = PBXFileReference; fileEncoding = 4; lastKnownFileType = sourcecode.c.h; path = YYLetfItemCell.h; sourceTree = "<group>"; };
		844CB6681C1717CC00710E8D /* YYLetfItemCell.m */ = {isa = PBXFileReference; fileEncoding = 4; lastKnownFileType = sourcecode.c.objc; path = YYLetfItemCell.m; sourceTree = "<group>"; };
		844CB6691C1717CC00710E8D /* YYTabBaseViewController.h */ = {isa = PBXFileReference; fileEncoding = 4; lastKnownFileType = sourcecode.c.h; path = YYTabBaseViewController.h; sourceTree = "<group>"; };
		844CB66A1C1717CC00710E8D /* YYTabBaseViewController.m */ = {isa = PBXFileReference; fileEncoding = 4; lastKnownFileType = sourcecode.c.objc; path = YYTabBaseViewController.m; sourceTree = "<group>"; };
		844CB66C1C1717CC00710E8D /* QHBasicViewController.h */ = {isa = PBXFileReference; fileEncoding = 4; lastKnownFileType = sourcecode.c.h; path = QHBasicViewController.h; sourceTree = "<group>"; };
		844CB66D1C1717CC00710E8D /* QHBasicViewController.m */ = {isa = PBXFileReference; fileEncoding = 4; lastKnownFileType = sourcecode.c.objc; path = QHBasicViewController.m; sourceTree = "<group>"; };
		844CB66E1C1717CC00710E8D /* UIView+KGViewExtend.h */ = {isa = PBXFileReference; fileEncoding = 4; lastKnownFileType = sourcecode.c.h; path = "UIView+KGViewExtend.h"; sourceTree = "<group>"; };
		844CB66F1C1717CC00710E8D /* UIView+KGViewExtend.m */ = {isa = PBXFileReference; fileEncoding = 4; lastKnownFileType = sourcecode.c.objc; path = "UIView+KGViewExtend.m"; sourceTree = "<group>"; };
		84B299D81C191A9600870099 /* CCPlayerViewController.h */ = {isa = PBXFileReference; fileEncoding = 4; lastKnownFileType = sourcecode.c.h; path = CCPlayerViewController.h; sourceTree = "<group>"; };
		84B299D91C191A9600870099 /* CCPlayerViewController.m */ = {isa = PBXFileReference; fileEncoding = 4; lastKnownFileType = sourcecode.c.objc; path = CCPlayerViewController.m; sourceTree = "<group>"; };
		84B299DA1C191A9600870099 /* CCPlayerViewController.xib */ = {isa = PBXFileReference; fileEncoding = 4; lastKnownFileType = file.xib; path = CCPlayerViewController.xib; sourceTree = "<group>"; };
		84B299DF1C19509300870099 /* findtab.plist */ = {isa = PBXFileReference; lastKnownFileType = file.bplist; path = findtab.plist; sourceTree = "<group>"; };
		84B299E01C19509300870099 /* province.plist */ = {isa = PBXFileReference; lastKnownFileType = file.bplist; path = province.plist; sourceTree = "<group>"; };
		84BA232D1C18621F00251393 /* CCNavigationController.h */ = {isa = PBXFileReference; fileEncoding = 4; lastKnownFileType = sourcecode.c.h; path = CCNavigationController.h; sourceTree = "<group>"; };
		84BA232E1C18621F00251393 /* CCNavigationController.m */ = {isa = PBXFileReference; fileEncoding = 4; lastKnownFileType = sourcecode.c.objc; path = CCNavigationController.m; sourceTree = "<group>"; };
		84BA232F1C18621F00251393 /* CCTabBarController.h */ = {isa = PBXFileReference; fileEncoding = 4; lastKnownFileType = sourcecode.c.h; path = CCTabBarController.h; sourceTree = "<group>"; };
		84BA23301C18621F00251393 /* CCTabBarController.m */ = {isa = PBXFileReference; fileEncoding = 4; lastKnownFileType = sourcecode.c.objc; path = CCTabBarController.m; sourceTree = "<group>"; };
		84BA23391C18650000251393 /* CCBaseViewController.h */ = {isa = PBXFileReference; fileEncoding = 4; lastKnownFileType = sourcecode.c.h; path = CCBaseViewController.h; sourceTree = "<group>"; };
		84BA233A1C18650000251393 /* CCBaseViewController.m */ = {isa = PBXFileReference; fileEncoding = 4; lastKnownFileType = sourcecode.c.objc; path = CCBaseViewController.m; sourceTree = "<group>"; };
		84BA233C1C18651500251393 /* CCDiscoverViewController.h */ = {isa = PBXFileReference; fileEncoding = 4; lastKnownFileType = sourcecode.c.h; path = CCDiscoverViewController.h; sourceTree = "<group>"; };
		84BA233D1C18651500251393 /* CCDiscoverViewController.m */ = {isa = PBXFileReference; fileEncoding = 4; lastKnownFileType = sourcecode.c.objc; path = CCDiscoverViewController.m; sourceTree = "<group>"; };
		84BA23421C1866CF00251393 /* CCDownloadViewController.h */ = {isa = PBXFileReference; fileEncoding = 4; lastKnownFileType = sourcecode.c.h; path = CCDownloadViewController.h; sourceTree = "<group>"; };
		84BA23431C1866CF00251393 /* CCDownloadViewController.m */ = {isa = PBXFileReference; fileEncoding = 4; lastKnownFileType = sourcecode.c.objc; path = CCDownloadViewController.m; sourceTree = "<group>"; };
		84BA23441C1866CF00251393 /* CCDownloadViewController.xib */ = {isa = PBXFileReference; fileEncoding = 4; lastKnownFileType = file.xib; path = CCDownloadViewController.xib; sourceTree = "<group>"; };
		A552443F1C17DB4C0089CC04 /* AFHTTPRequestOperation.h */ = {isa = PBXFileReference; fileEncoding = 4; lastKnownFileType = sourcecode.c.h; path = AFHTTPRequestOperation.h; sourceTree = "<group>"; };
		A55244401C17DB4C0089CC04 /* AFHTTPRequestOperation.m */ = {isa = PBXFileReference; fileEncoding = 4; lastKnownFileType = sourcecode.c.objc; path = AFHTTPRequestOperation.m; sourceTree = "<group>"; };
		A55244411C17DB4C0089CC04 /* AFHTTPRequestOperationManager.h */ = {isa = PBXFileReference; fileEncoding = 4; lastKnownFileType = sourcecode.c.h; path = AFHTTPRequestOperationManager.h; sourceTree = "<group>"; };
		A55244421C17DB4C0089CC04 /* AFHTTPRequestOperationManager.m */ = {isa = PBXFileReference; fileEncoding = 4; lastKnownFileType = sourcecode.c.objc; path = AFHTTPRequestOperationManager.m; sourceTree = "<group>"; };
		A55244431C17DB4C0089CC04 /* AFHTTPSessionManager.h */ = {isa = PBXFileReference; fileEncoding = 4; lastKnownFileType = sourcecode.c.h; path = AFHTTPSessionManager.h; sourceTree = "<group>"; };
		A55244441C17DB4C0089CC04 /* AFHTTPSessionManager.m */ = {isa = PBXFileReference; fileEncoding = 4; lastKnownFileType = sourcecode.c.objc; path = AFHTTPSessionManager.m; sourceTree = "<group>"; };
		A55244451C17DB4C0089CC04 /* AFNetworking.h */ = {isa = PBXFileReference; fileEncoding = 4; lastKnownFileType = sourcecode.c.h; path = AFNetworking.h; sourceTree = "<group>"; };
		A55244461C17DB4C0089CC04 /* AFNetworkReachabilityManager.h */ = {isa = PBXFileReference; fileEncoding = 4; lastKnownFileType = sourcecode.c.h; path = AFNetworkReachabilityManager.h; sourceTree = "<group>"; };
		A55244471C17DB4C0089CC04 /* AFNetworkReachabilityManager.m */ = {isa = PBXFileReference; fileEncoding = 4; lastKnownFileType = sourcecode.c.objc; path = AFNetworkReachabilityManager.m; sourceTree = "<group>"; };
		A55244481C17DB4C0089CC04 /* AFSecurityPolicy.h */ = {isa = PBXFileReference; fileEncoding = 4; lastKnownFileType = sourcecode.c.h; path = AFSecurityPolicy.h; sourceTree = "<group>"; };
		A55244491C17DB4C0089CC04 /* AFSecurityPolicy.m */ = {isa = PBXFileReference; fileEncoding = 4; lastKnownFileType = sourcecode.c.objc; path = AFSecurityPolicy.m; sourceTree = "<group>"; };
		A552444A1C17DB4C0089CC04 /* AFURLConnectionOperation.h */ = {isa = PBXFileReference; fileEncoding = 4; lastKnownFileType = sourcecode.c.h; path = AFURLConnectionOperation.h; sourceTree = "<group>"; };
		A552444B1C17DB4C0089CC04 /* AFURLConnectionOperation.m */ = {isa = PBXFileReference; fileEncoding = 4; lastKnownFileType = sourcecode.c.objc; path = AFURLConnectionOperation.m; sourceTree = "<group>"; };
		A552444C1C17DB4C0089CC04 /* AFURLRequestSerialization.h */ = {isa = PBXFileReference; fileEncoding = 4; lastKnownFileType = sourcecode.c.h; path = AFURLRequestSerialization.h; sourceTree = "<group>"; };
		A552444D1C17DB4C0089CC04 /* AFURLRequestSerialization.m */ = {isa = PBXFileReference; fileEncoding = 4; lastKnownFileType = sourcecode.c.objc; path = AFURLRequestSerialization.m; sourceTree = "<group>"; };
		A552444E1C17DB4C0089CC04 /* AFURLResponseSerialization.h */ = {isa = PBXFileReference; fileEncoding = 4; lastKnownFileType = sourcecode.c.h; path = AFURLResponseSerialization.h; sourceTree = "<group>"; };
		A552444F1C17DB4C0089CC04 /* AFURLResponseSerialization.m */ = {isa = PBXFileReference; fileEncoding = 4; lastKnownFileType = sourcecode.c.objc; path = AFURLResponseSerialization.m; sourceTree = "<group>"; };
		A55244501C17DB4C0089CC04 /* AFURLSessionManager.h */ = {isa = PBXFileReference; fileEncoding = 4; lastKnownFileType = sourcecode.c.h; path = AFURLSessionManager.h; sourceTree = "<group>"; };
		A55244511C17DB4C0089CC04 /* AFURLSessionManager.m */ = {isa = PBXFileReference; fileEncoding = 4; lastKnownFileType = sourcecode.c.objc; path = AFURLSessionManager.m; sourceTree = "<group>"; };
		A55244551C17DB4C0089CC04 /* MJRefresh.bundle */ = {isa = PBXFileReference; lastKnownFileType = "wrapper.plug-in"; path = MJRefresh.bundle; sourceTree = "<group>"; };
		A55244561C17DB4C0089CC04 /* MJRefresh.h */ = {isa = PBXFileReference; fileEncoding = 4; lastKnownFileType = sourcecode.c.h; path = MJRefresh.h; sourceTree = "<group>"; };
		A55244571C17DB4C0089CC04 /* MJRefreshBaseView.h */ = {isa = PBXFileReference; fileEncoding = 4; lastKnownFileType = sourcecode.c.h; path = MJRefreshBaseView.h; sourceTree = "<group>"; };
		A55244581C17DB4C0089CC04 /* MJRefreshBaseView.m */ = {isa = PBXFileReference; fileEncoding = 4; lastKnownFileType = sourcecode.c.objc; path = MJRefreshBaseView.m; sourceTree = "<group>"; };
		A55244591C17DB4C0089CC04 /* MJRefreshConst.h */ = {isa = PBXFileReference; fileEncoding = 4; lastKnownFileType = sourcecode.c.h; path = MJRefreshConst.h; sourceTree = "<group>"; };
		A552445A1C17DB4C0089CC04 /* MJRefreshConst.m */ = {isa = PBXFileReference; fileEncoding = 4; lastKnownFileType = sourcecode.c.objc; path = MJRefreshConst.m; sourceTree = "<group>"; };
		A552445B1C17DB4C0089CC04 /* MJRefreshFooterView.h */ = {isa = PBXFileReference; fileEncoding = 4; lastKnownFileType = sourcecode.c.h; path = MJRefreshFooterView.h; sourceTree = "<group>"; };
		A552445C1C17DB4C0089CC04 /* MJRefreshFooterView.m */ = {isa = PBXFileReference; fileEncoding = 4; lastKnownFileType = sourcecode.c.objc; path = MJRefreshFooterView.m; sourceTree = "<group>"; };
		A552445D1C17DB4C0089CC04 /* MJRefreshHeaderView.h */ = {isa = PBXFileReference; fileEncoding = 4; lastKnownFileType = sourcecode.c.h; path = MJRefreshHeaderView.h; sourceTree = "<group>"; };
		A552445E1C17DB4C0089CC04 /* MJRefreshHeaderView.m */ = {isa = PBXFileReference; fileEncoding = 4; lastKnownFileType = sourcecode.c.objc; path = MJRefreshHeaderView.m; sourceTree = "<group>"; };
		A552445F1C17DB4C0089CC04 /* UIButton+StrechableBgImage.h */ = {isa = PBXFileReference; fileEncoding = 4; lastKnownFileType = sourcecode.c.h; path = "UIButton+StrechableBgImage.h"; sourceTree = "<group>"; };
		A55244601C17DB4C0089CC04 /* UIButton+StrechableBgImage.m */ = {isa = PBXFileReference; fileEncoding = 4; lastKnownFileType = sourcecode.c.objc; path = "UIButton+StrechableBgImage.m"; sourceTree = "<group>"; };
		A55244621C17DB4C0089CC04 /* AFNetworkActivityIndicatorManager.h */ = {isa = PBXFileReference; fileEncoding = 4; lastKnownFileType = sourcecode.c.h; path = AFNetworkActivityIndicatorManager.h; sourceTree = "<group>"; };
		A55244631C17DB4C0089CC04 /* AFNetworkActivityIndicatorManager.m */ = {isa = PBXFileReference; fileEncoding = 4; lastKnownFileType = sourcecode.c.objc; path = AFNetworkActivityIndicatorManager.m; sourceTree = "<group>"; };
		A55244641C17DB4C0089CC04 /* UIActivityIndicatorView+AFNetworking.h */ = {isa = PBXFileReference; fileEncoding = 4; lastKnownFileType = sourcecode.c.h; path = "UIActivityIndicatorView+AFNetworking.h"; sourceTree = "<group>"; };
		A55244651C17DB4C0089CC04 /* UIActivityIndicatorView+AFNetworking.m */ = {isa = PBXFileReference; fileEncoding = 4; lastKnownFileType = sourcecode.c.objc; path = "UIActivityIndicatorView+AFNetworking.m"; sourceTree = "<group>"; };
		A55244661C17DB4C0089CC04 /* UIAlertView+AFNetworking.h */ = {isa = PBXFileReference; fileEncoding = 4; lastKnownFileType = sourcecode.c.h; path = "UIAlertView+AFNetworking.h"; sourceTree = "<group>"; };
		A55244671C17DB4C0089CC04 /* UIAlertView+AFNetworking.m */ = {isa = PBXFileReference; fileEncoding = 4; lastKnownFileType = sourcecode.c.objc; path = "UIAlertView+AFNetworking.m"; sourceTree = "<group>"; };
		A55244681C17DB4C0089CC04 /* UIButton+AFNetworking.h */ = {isa = PBXFileReference; fileEncoding = 4; lastKnownFileType = sourcecode.c.h; path = "UIButton+AFNetworking.h"; sourceTree = "<group>"; };
		A55244691C17DB4C0089CC04 /* UIButton+AFNetworking.m */ = {isa = PBXFileReference; fileEncoding = 4; lastKnownFileType = sourcecode.c.objc; path = "UIButton+AFNetworking.m"; sourceTree = "<group>"; };
		A552446A1C17DB4C0089CC04 /* UIImageView+AFNetworking.h */ = {isa = PBXFileReference; fileEncoding = 4; lastKnownFileType = sourcecode.c.h; path = "UIImageView+AFNetworking.h"; sourceTree = "<group>"; };
		A552446B1C17DB4C0089CC04 /* UIImageView+AFNetworking.m */ = {isa = PBXFileReference; fileEncoding = 4; lastKnownFileType = sourcecode.c.objc; path = "UIImageView+AFNetworking.m"; sourceTree = "<group>"; };
		A552446C1C17DB4C0089CC04 /* UIKit+AFNetworking.h */ = {isa = PBXFileReference; fileEncoding = 4; lastKnownFileType = sourcecode.c.h; path = "UIKit+AFNetworking.h"; sourceTree = "<group>"; };
		A552446D1C17DB4C0089CC04 /* UIProgressView+AFNetworking.h */ = {isa = PBXFileReference; fileEncoding = 4; lastKnownFileType = sourcecode.c.h; path = "UIProgressView+AFNetworking.h"; sourceTree = "<group>"; };
		A552446E1C17DB4C0089CC04 /* UIProgressView+AFNetworking.m */ = {isa = PBXFileReference; fileEncoding = 4; lastKnownFileType = sourcecode.c.objc; path = "UIProgressView+AFNetworking.m"; sourceTree = "<group>"; };
		A552446F1C17DB4C0089CC04 /* UIRefreshControl+AFNetworking.h */ = {isa = PBXFileReference; fileEncoding = 4; lastKnownFileType = sourcecode.c.h; path = "UIRefreshControl+AFNetworking.h"; sourceTree = "<group>"; };
		A55244701C17DB4C0089CC04 /* UIRefreshControl+AFNetworking.m */ = {isa = PBXFileReference; fileEncoding = 4; lastKnownFileType = sourcecode.c.objc; path = "UIRefreshControl+AFNetworking.m"; sourceTree = "<group>"; };
		A55244711C17DB4C0089CC04 /* UIWebView+AFNetworking.h */ = {isa = PBXFileReference; fileEncoding = 4; lastKnownFileType = sourcecode.c.h; path = "UIWebView+AFNetworking.h"; sourceTree = "<group>"; };
		A55244721C17DB4C0089CC04 /* UIWebView+AFNetworking.m */ = {isa = PBXFileReference; fileEncoding = 4; lastKnownFileType = sourcecode.c.objc; path = "UIWebView+AFNetworking.m"; sourceTree = "<group>"; };
		A55244731C17DB4C0089CC04 /* UIView+IPhoneView.h */ = {isa = PBXFileReference; fileEncoding = 4; lastKnownFileType = sourcecode.c.h; path = "UIView+IPhoneView.h"; sourceTree = "<group>"; };
		A55244741C17DB4C0089CC04 /* UIView+IPhoneView.m */ = {isa = PBXFileReference; fileEncoding = 4; lastKnownFileType = sourcecode.c.objc; path = "UIView+IPhoneView.m"; sourceTree = "<group>"; };
		A55244931C17DC4F0089CC04 /* ISNull.h */ = {isa = PBXFileReference; fileEncoding = 4; lastKnownFileType = sourcecode.c.h; path = ISNull.h; sourceTree = "<group>"; };
		A55244941C17DC4F0089CC04 /* ISNull.m */ = {isa = PBXFileReference; fileEncoding = 4; lastKnownFileType = sourcecode.c.objc; path = ISNull.m; sourceTree = "<group>"; };
		A55244961C17DCB60089CC04 /* BaseHttpClient.h */ = {isa = PBXFileReference; fileEncoding = 4; lastKnownFileType = sourcecode.c.h; path = BaseHttpClient.h; sourceTree = "<group>"; };
		A55244971C17DCB60089CC04 /* BaseHttpClient.m */ = {isa = PBXFileReference; fileEncoding = 4; lastKnownFileType = sourcecode.c.objc; path = BaseHttpClient.m; sourceTree = "<group>"; };
		A55244991C17DD1E0089CC04 /* RequestURL.h */ = {isa = PBXFileReference; lastKnownFileType = sourcecode.c.h; path = RequestURL.h; sourceTree = "<group>"; };
		A552449E1C182B920089CC04 /* DataAPI.h */ = {isa = PBXFileReference; fileEncoding = 4; lastKnownFileType = sourcecode.c.h; path = DataAPI.h; sourceTree = "<group>"; };
		A552449F1C182B920089CC04 /* DataAPI.m */ = {isa = PBXFileReference; fileEncoding = 4; lastKnownFileType = sourcecode.c.objc; path = DataAPI.m; sourceTree = "<group>"; };
/* End PBXFileReference section */

/* Begin PBXFrameworksBuildPhase section */
		844CB61E1C17179900710E8D /* Frameworks */ = {
			isa = PBXFrameworksBuildPhase;
			buildActionMask = 2147483647;
			files = (
			);
			runOnlyForDeploymentPostprocessing = 0;
		};
		844CB6371C17179900710E8D /* Frameworks */ = {
			isa = PBXFrameworksBuildPhase;
			buildActionMask = 2147483647;
			files = (
			);
			runOnlyForDeploymentPostprocessing = 0;
		};
/* End PBXFrameworksBuildPhase section */

/* Begin PBXGroup section */
		844CB6181C17179900710E8D = {
			isa = PBXGroup;
			children = (
				A552443C1C17DAE40089CC04 /* Base */,
				84B299DD1C19508100870099 /* Model */,
				84BA232B1C18621F00251393 /* Controllers */,
				A55244921C17DC1D0089CC04 /* Tool */,
				844CB64A1C1717CC00710E8D /* OtherSource */,
				844CB6231C17179900710E8D /* ListenProject */,
				844CB63D1C17179900710E8D /* ListenProjectTests */,
				844CB6221C17179900710E8D /* Products */,
			);
			sourceTree = "<group>";
		};
		844CB6221C17179900710E8D /* Products */ = {
			isa = PBXGroup;
			children = (
				844CB6211C17179900710E8D /* ListenProject.app */,
				844CB63A1C17179900710E8D /* ListenProjectTests.xctest */,
			);
			name = Products;
			sourceTree = "<group>";
		};
		844CB6231C17179900710E8D /* ListenProject */ = {
			isa = PBXGroup;
			children = (
				844CB6281C17179900710E8D /* AppDelegate.h */,
				844CB6291C17179900710E8D /* AppDelegate.m */,
				844CB62B1C17179900710E8D /* ViewController.h */,
				844CB62C1C17179900710E8D /* ViewController.m */,
				844CB62E1C17179900710E8D /* Main.storyboard */,
				844CB6311C17179900710E8D /* Images.xcassets */,
				844CB6331C17179900710E8D /* LaunchScreen.xib */,
				844CB6241C17179900710E8D /* Supporting Files */,
			);
			path = ListenProject;
			sourceTree = "<group>";
		};
		844CB6241C17179900710E8D /* Supporting Files */ = {
			isa = PBXGroup;
			children = (
				844CB6251C17179900710E8D /* Info.plist */,
				844CB6261C17179900710E8D /* main.m */,
			);
			name = "Supporting Files";
			sourceTree = "<group>";
		};
		844CB63D1C17179900710E8D /* ListenProjectTests */ = {
			isa = PBXGroup;
			children = (
				844CB6401C17179900710E8D /* ListenProjectTests.m */,
				844CB63E1C17179900710E8D /* Supporting Files */,
			);
			path = ListenProjectTests;
			sourceTree = "<group>";
		};
		844CB63E1C17179900710E8D /* Supporting Files */ = {
			isa = PBXGroup;
			children = (
				844CB63F1C17179900710E8D /* Info.plist */,
			);
			name = "Supporting Files";
			sourceTree = "<group>";
		};
		844CB64A1C1717CC00710E8D /* OtherSource */ = {
			isa = PBXGroup;
			children = (
				A552443D1C17DB4C0089CC04 /* AFNetworking */,
			);
			path = OtherSource;
			sourceTree = "<group>";
		};
		844CB64B1C1717CC00710E8D /* SliderViewController */ = {
			isa = PBXGroup;
			children = (
				844CB64C1C1717CC00710E8D /* Common.h */,
				844CB64D1C1717CC00710E8D /* MLBlackTransition */,
				844CB6501C1717CC00710E8D /* MLTransition */,
				844CB6551C1717CC00710E8D /* QHUtills */,
				844CB65B1C1717CC00710E8D /* SliderImages */,
				844CB65F1C1717CC00710E8D /* SliderViewController.h */,
				844CB6601C1717CC00710E8D /* SliderViewController.m */,
				844CB6611C1717CC00710E8D /* SliderViewControllerHeader.h */,
				844CB6621C1717CC00710E8D /* TabControllers */,
				844CB66B1C1717CC00710E8D /* ViewExtend */,
			);
			name = SliderViewController;
			path = ../SliderViewController;
			sourceTree = "<group>";
		};
		844CB64D1C1717CC00710E8D /* MLBlackTransition */ = {
			isa = PBXGroup;
			children = (
				844CB64E1C1717CC00710E8D /* MLBlackTransition.h */,
				844CB64F1C1717CC00710E8D /* MLBlackTransition.m */,
			);
			path = MLBlackTransition;
			sourceTree = "<group>";
		};
		844CB6501C1717CC00710E8D /* MLTransition */ = {
			isa = PBXGroup;
			children = (
				844CB6511C1717CC00710E8D /* MLTransitionAnimation.h */,
				844CB6521C1717CC00710E8D /* MLTransitionAnimation.m */,
				844CB6531C1717CC00710E8D /* UIViewController+MLTransition.h */,
				844CB6541C1717CC00710E8D /* UIViewController+MLTransition.m */,
			);
			path = MLTransition;
			sourceTree = "<group>";
		};
		844CB6551C1717CC00710E8D /* QHUtills */ = {
			isa = PBXGroup;
			children = (
				844CB6561C1717CC00710E8D /* QHCommonUtil.h */,
				844CB6571C1717CC00710E8D /* QHCommonUtil.m */,
				844CB6581C1717CC00710E8D /* QHConfiguredObj.h */,
				844CB6591C1717CC00710E8D /* QHConfiguredObj.m */,
				844CB65A1C1717CC00710E8D /* QHViewTag.h */,
			);
			path = QHUtills;
			sourceTree = "<group>";
		};
		844CB65B1C1717CC00710E8D /* SliderImages */ = {
			isa = PBXGroup;
			children = (
				844CB65C1C1717CC00710E8D /* home_Nav.png */,
				844CB65D1C1717CC00710E8D /* home_Nav@2x.png */,
				844CB65E1C1717CC00710E8D /* Tabar_background@2x.png */,
			);
			path = SliderImages;
			sourceTree = "<group>";
		};
		844CB6621C1717CC00710E8D /* TabControllers */ = {
			isa = PBXGroup;
			children = (
				844CB6631C1717CC00710E8D /* LeftViewController.h */,
				844CB6641C1717CC00710E8D /* LeftViewController.m */,
				844CB6651C1717CC00710E8D /* MainTabViewController.h */,
				844CB6661C1717CC00710E8D /* MainTabViewController.m */,
				844CB6671C1717CC00710E8D /* YYLetfItemCell.h */,
				844CB6681C1717CC00710E8D /* YYLetfItemCell.m */,
				844CB6691C1717CC00710E8D /* YYTabBaseViewController.h */,
				844CB66A1C1717CC00710E8D /* YYTabBaseViewController.m */,
			);
			path = TabControllers;
			sourceTree = "<group>";
		};
		844CB66B1C1717CC00710E8D /* ViewExtend */ = {
			isa = PBXGroup;
			children = (
				844CB66C1C1717CC00710E8D /* QHBasicViewController.h */,
				844CB66D1C1717CC00710E8D /* QHBasicViewController.m */,
				844CB66E1C1717CC00710E8D /* UIView+KGViewExtend.h */,
				844CB66F1C1717CC00710E8D /* UIView+KGViewExtend.m */,
			);
			path = ViewExtend;
			sourceTree = "<group>";
		};
		84B299DD1C19508100870099 /* Model */ = {
			isa = PBXGroup;
			children = (
				84B299DE1C19509300870099 /* ourFiles */,
			);
			path = Model;
			sourceTree = "<group>";
		};
		84B299DE1C19509300870099 /* ourFiles */ = {
			isa = PBXGroup;
			children = (
				84B299DF1C19509300870099 /* findtab.plist */,
				84B299E01C19509300870099 /* province.plist */,
			);
			path = ourFiles;
			sourceTree = "<group>";
		};
		84BA232B1C18621F00251393 /* Controllers */ = {
			isa = PBXGroup;
			children = (
				84BA232C1C18621F00251393 /* Common */,
				84BA23311C18621F00251393 /* Discover */,
				84BA23321C18621F00251393 /* Download */,
				84BA23331C18621F00251393 /* Player */,
			);
			path = Controllers;
			sourceTree = "<group>";
		};
		84BA232C1C18621F00251393 /* Common */ = {
			isa = PBXGroup;
			children = (
				84BA232D1C18621F00251393 /* CCNavigationController.h */,
				84BA232E1C18621F00251393 /* CCNavigationController.m */,
				84BA232F1C18621F00251393 /* CCTabBarController.h */,
				84BA23301C18621F00251393 /* CCTabBarController.m */,
				84BA23391C18650000251393 /* CCBaseViewController.h */,
				84BA233A1C18650000251393 /* CCBaseViewController.m */,
			);
			path = Common;
			sourceTree = "<group>";
		};
		84BA23311C18621F00251393 /* Discover */ = {
			isa = PBXGroup;
			children = (
				84BA233C1C18651500251393 /* CCDiscoverViewController.h */,
				84BA233D1C18651500251393 /* CCDiscoverViewController.m */,
			);
			path = Discover;
			sourceTree = "<group>";
		};
		84BA23321C18621F00251393 /* Download */ = {
			isa = PBXGroup;
			children = (
				84BA23421C1866CF00251393 /* CCDownloadViewController.h */,
				84BA23431C1866CF00251393 /* CCDownloadViewController.m */,
				84BA23441C1866CF00251393 /* CCDownloadViewController.xib */,
			);
			path = Download;
			sourceTree = "<group>";
		};
		84BA23331C18621F00251393 /* Player */ = {
			isa = PBXGroup;
			children = (
				84B299D81C191A9600870099 /* CCPlayerViewController.h */,
				84B299D91C191A9600870099 /* CCPlayerViewController.m */,
				84B299DA1C191A9600870099 /* CCPlayerViewController.xib */,
			);
			path = Player;
			sourceTree = "<group>";
		};
		A552443C1C17DAE40089CC04 /* Base */ = {
			isa = PBXGroup;
			children = (
				A552448E1C17DB790089CC04 /* NetWork */,
				A552449A1C181BB80089CC04 /* API */,
			);
			path = Base;
			sourceTree = "<group>";
		};
		A552443D1C17DB4C0089CC04 /* AFNetworking */ = {
			isa = PBXGroup;
			children = (
				A552443E1C17DB4C0089CC04 /* AFNetworking */,
				A55244611C17DB4C0089CC04 /* UIKit+AFNetworking */,
				A55244541C17DB4C0089CC04 /* MJRefresh */,
				844CB64B1C1717CC00710E8D /* SliderViewController */,
				A552445F1C17DB4C0089CC04 /* UIButton+StrechableBgImage.h */,
				A55244601C17DB4C0089CC04 /* UIButton+StrechableBgImage.m */,
				A55244731C17DB4C0089CC04 /* UIView+IPhoneView.h */,
				A55244741C17DB4C0089CC04 /* UIView+IPhoneView.m */,
			);
			path = AFNetworking;
			sourceTree = "<group>";
		};
		A552443E1C17DB4C0089CC04 /* AFNetworking */ = {
			isa = PBXGroup;
			children = (
				A552443F1C17DB4C0089CC04 /* AFHTTPRequestOperation.h */,
				A55244401C17DB4C0089CC04 /* AFHTTPRequestOperation.m */,
				A55244411C17DB4C0089CC04 /* AFHTTPRequestOperationManager.h */,
				A55244421C17DB4C0089CC04 /* AFHTTPRequestOperationManager.m */,
				A55244431C17DB4C0089CC04 /* AFHTTPSessionManager.h */,
				A55244441C17DB4C0089CC04 /* AFHTTPSessionManager.m */,
				A55244451C17DB4C0089CC04 /* AFNetworking.h */,
				A55244461C17DB4C0089CC04 /* AFNetworkReachabilityManager.h */,
				A55244471C17DB4C0089CC04 /* AFNetworkReachabilityManager.m */,
				A55244481C17DB4C0089CC04 /* AFSecurityPolicy.h */,
				A55244491C17DB4C0089CC04 /* AFSecurityPolicy.m */,
				A552444A1C17DB4C0089CC04 /* AFURLConnectionOperation.h */,
				A552444B1C17DB4C0089CC04 /* AFURLConnectionOperation.m */,
				A552444C1C17DB4C0089CC04 /* AFURLRequestSerialization.h */,
				A552444D1C17DB4C0089CC04 /* AFURLRequestSerialization.m */,
				A552444E1C17DB4C0089CC04 /* AFURLResponseSerialization.h */,
				A552444F1C17DB4C0089CC04 /* AFURLResponseSerialization.m */,
				A55244501C17DB4C0089CC04 /* AFURLSessionManager.h */,
				A55244511C17DB4C0089CC04 /* AFURLSessionManager.m */,
			);
			path = AFNetworking;
			sourceTree = "<group>";
		};
		A55244541C17DB4C0089CC04 /* MJRefresh */ = {
			isa = PBXGroup;
			children = (
				A55244551C17DB4C0089CC04 /* MJRefresh.bundle */,
				A55244561C17DB4C0089CC04 /* MJRefresh.h */,
				A55244571C17DB4C0089CC04 /* MJRefreshBaseView.h */,
				A55244581C17DB4C0089CC04 /* MJRefreshBaseView.m */,
				A55244591C17DB4C0089CC04 /* MJRefreshConst.h */,
				A552445A1C17DB4C0089CC04 /* MJRefreshConst.m */,
				A552445B1C17DB4C0089CC04 /* MJRefreshFooterView.h */,
				A552445C1C17DB4C0089CC04 /* MJRefreshFooterView.m */,
				A552445D1C17DB4C0089CC04 /* MJRefreshHeaderView.h */,
				A552445E1C17DB4C0089CC04 /* MJRefreshHeaderView.m */,
			);
			path = MJRefresh;
			sourceTree = "<group>";
		};
		A55244611C17DB4C0089CC04 /* UIKit+AFNetworking */ = {
			isa = PBXGroup;
			children = (
				A55244621C17DB4C0089CC04 /* AFNetworkActivityIndicatorManager.h */,
				A55244631C17DB4C0089CC04 /* AFNetworkActivityIndicatorManager.m */,
				A55244641C17DB4C0089CC04 /* UIActivityIndicatorView+AFNetworking.h */,
				A55244651C17DB4C0089CC04 /* UIActivityIndicatorView+AFNetworking.m */,
				A55244661C17DB4C0089CC04 /* UIAlertView+AFNetworking.h */,
				A55244671C17DB4C0089CC04 /* UIAlertView+AFNetworking.m */,
				A55244681C17DB4C0089CC04 /* UIButton+AFNetworking.h */,
				A55244691C17DB4C0089CC04 /* UIButton+AFNetworking.m */,
				A552446A1C17DB4C0089CC04 /* UIImageView+AFNetworking.h */,
				A552446B1C17DB4C0089CC04 /* UIImageView+AFNetworking.m */,
				A552446C1C17DB4C0089CC04 /* UIKit+AFNetworking.h */,
				A552446D1C17DB4C0089CC04 /* UIProgressView+AFNetworking.h */,
				A552446E1C17DB4C0089CC04 /* UIProgressView+AFNetworking.m */,
				A552446F1C17DB4C0089CC04 /* UIRefreshControl+AFNetworking.h */,
				A55244701C17DB4C0089CC04 /* UIRefreshControl+AFNetworking.m */,
				A55244711C17DB4C0089CC04 /* UIWebView+AFNetworking.h */,
				A55244721C17DB4C0089CC04 /* UIWebView+AFNetworking.m */,
			);
			path = "UIKit+AFNetworking";
			sourceTree = "<group>";
		};
		A552448E1C17DB790089CC04 /* NetWork */ = {
			isa = PBXGroup;
			children = (
				A55244961C17DCB60089CC04 /* BaseHttpClient.h */,
				A55244971C17DCB60089CC04 /* BaseHttpClient.m */,
				A55244991C17DD1E0089CC04 /* RequestURL.h */,
			);
			path = NetWork;
			sourceTree = "<group>";
		};
		A55244921C17DC1D0089CC04 /* Tool */ = {
			isa = PBXGroup;
			children = (
				A55244931C17DC4F0089CC04 /* ISNull.h */,
				A55244941C17DC4F0089CC04 /* ISNull.m */,
			);
			path = Tool;
			sourceTree = "<group>";
		};
		A552449A1C181BB80089CC04 /* API */ = {
			isa = PBXGroup;
			children = (
				A552449E1C182B920089CC04 /* DataAPI.h */,
				A552449F1C182B920089CC04 /* DataAPI.m */,
			);
			path = API;
			sourceTree = "<group>";
		};
/* End PBXGroup section */

/* Begin PBXNativeTarget section */
		844CB6201C17179900710E8D /* ListenProject */ = {
			isa = PBXNativeTarget;
			buildConfigurationList = 844CB6441C17179900710E8D /* Build configuration list for PBXNativeTarget "ListenProject" */;
			buildPhases = (
				844CB61D1C17179900710E8D /* Sources */,
				844CB61E1C17179900710E8D /* Frameworks */,
				844CB61F1C17179900710E8D /* Resources */,
			);
			buildRules = (
			);
			dependencies = (
			);
			name = ListenProject;
			productName = ListenProject;
			productReference = 844CB6211C17179900710E8D /* ListenProject.app */;
			productType = "com.apple.product-type.application";
		};
		844CB6391C17179900710E8D /* ListenProjectTests */ = {
			isa = PBXNativeTarget;
			buildConfigurationList = 844CB6471C17179900710E8D /* Build configuration list for PBXNativeTarget "ListenProjectTests" */;
			buildPhases = (
				844CB6361C17179900710E8D /* Sources */,
				844CB6371C17179900710E8D /* Frameworks */,
				844CB6381C17179900710E8D /* Resources */,
			);
			buildRules = (
			);
			dependencies = (
				844CB63C1C17179900710E8D /* PBXTargetDependency */,
			);
			name = ListenProjectTests;
			productName = ListenProjectTests;
			productReference = 844CB63A1C17179900710E8D /* ListenProjectTests.xctest */;
			productType = "com.apple.product-type.bundle.unit-test";
		};
/* End PBXNativeTarget section */

/* Begin PBXProject section */
		844CB6191C17179900710E8D /* Project object */ = {
			isa = PBXProject;
			attributes = {
				LastUpgradeCheck = 0610;
				ORGANIZATIONNAME = "夏婷";
				TargetAttributes = {
					844CB6201C17179900710E8D = {
						CreatedOnToolsVersion = 6.1;
					};
					844CB6391C17179900710E8D = {
						CreatedOnToolsVersion = 6.1;
						TestTargetID = 844CB6201C17179900710E8D;
					};
				};
			};
			buildConfigurationList = 844CB61C1C17179900710E8D /* Build configuration list for PBXProject "ListenProject" */;
			compatibilityVersion = "Xcode 3.2";
			developmentRegion = English;
			hasScannedForEncodings = 0;
			knownRegions = (
				en,
				Base,
			);
			mainGroup = 844CB6181C17179900710E8D;
			productRefGroup = 844CB6221C17179900710E8D /* Products */;
			projectDirPath = "";
			projectRoot = "";
			targets = (
				844CB6201C17179900710E8D /* ListenProject */,
				844CB6391C17179900710E8D /* ListenProjectTests */,
			);
		};
/* End PBXProject section */

/* Begin PBXResourcesBuildPhase section */
		844CB61F1C17179900710E8D /* Resources */ = {
			isa = PBXResourcesBuildPhase;
			buildActionMask = 2147483647;
			files = (
				84B299E21C19509300870099 /* province.plist in Resources */,
				844CB6831C1717CC00710E8D /* home_Nav.png in Resources */,
				844CB6841C1717CC00710E8D /* home_Nav@2x.png in Resources */,
				84BA23461C1866CF00251393 /* CCDownloadViewController.xib in Resources */,
				A552447F1C17DB4C0089CC04 /* MJRefresh.bundle in Resources */,
				84B299DC1C191A9600870099 /* CCPlayerViewController.xib in Resources */,
				844CB6301C17179900710E8D /* Main.storyboard in Resources */,
				844CB6851C1717CC00710E8D /* Tabar_background@2x.png in Resources */,
				844CB6351C17179900710E8D /* LaunchScreen.xib in Resources */,
				844CB6321C17179900710E8D /* Images.xcassets in Resources */,
				84B299E11C19509300870099 /* findtab.plist in Resources */,
			);
			runOnlyForDeploymentPostprocessing = 0;
		};
		844CB6381C17179900710E8D /* Resources */ = {
			isa = PBXResourcesBuildPhase;
			buildActionMask = 2147483647;
			files = (
			);
			runOnlyForDeploymentPostprocessing = 0;
		};
/* End PBXResourcesBuildPhase section */

/* Begin PBXSourcesBuildPhase section */
		844CB61D1C17179900710E8D /* Sources */ = {
			isa = PBXSourcesBuildPhase;
			buildActionMask = 2147483647;
			files = (
				A55244881C17DB4C0089CC04 /* UIButton+AFNetworking.m in Sources */,
				844CB6801C1717CC00710E8D /* UIViewController+MLTransition.m in Sources */,
				844CB6871C1717CC00710E8D /* LeftViewController.m in Sources */,
				844CB62D1C17179900710E8D /* ViewController.m in Sources */,
				A552448A1C17DB4C0089CC04 /* UIProgressView+AFNetworking.m in Sources */,
				84BA233B1C18650000251393 /* CCBaseViewController.m in Sources */,
				A55244771C17DB4C0089CC04 /* AFHTTPSessionManager.m in Sources */,
				844CB62A1C17179900710E8D /* AppDelegate.m in Sources */,
				A552448B1C17DB4C0089CC04 /* UIRefreshControl+AFNetworking.m in Sources */,
				A55244811C17DB4C0089CC04 /* MJRefreshConst.m in Sources */,
				A55244781C17DB4C0089CC04 /* AFNetworkReachabilityManager.m in Sources */,
				A55244801C17DB4C0089CC04 /* MJRefreshBaseView.m in Sources */,
				A55244751C17DB4C0089CC04 /* AFHTTPRequestOperation.m in Sources */,
				A552447B1C17DB4C0089CC04 /* AFURLRequestSerialization.m in Sources */,
				A552447A1C17DB4C0089CC04 /* AFURLConnectionOperation.m in Sources */,
				A55244851C17DB4C0089CC04 /* AFNetworkActivityIndicatorManager.m in Sources */,
				A552448D1C17DB4C0089CC04 /* UIView+IPhoneView.m in Sources */,
				A55244831C17DB4C0089CC04 /* MJRefreshHeaderView.m in Sources */,
				A552447D1C17DB4C0089CC04 /* AFURLSessionManager.m in Sources */,
				844CB6271C17179900710E8D /* main.m in Sources */,
				A55244871C17DB4C0089CC04 /* UIAlertView+AFNetworking.m in Sources */,
				844CB67E1C1717CC00710E8D /* MLBlackTransition.m in Sources */,
				844CB6811C1717CC00710E8D /* QHCommonUtil.m in Sources */,
				84B299DB1C191A9600870099 /* CCPlayerViewController.m in Sources */,
				844CB6891C1717CC00710E8D /* YYLetfItemCell.m in Sources */,
				84BA23341C18621F00251393 /* CCNavigationController.m in Sources */,
				84BA23351C18621F00251393 /* CCTabBarController.m in Sources */,
				84BA23451C1866CF00251393 /* CCDownloadViewController.m in Sources */,
				844CB6821C1717CC00710E8D /* QHConfiguredObj.m in Sources */,
				844CB6861C1717CC00710E8D /* SliderViewController.m in Sources */,
				A55244A01C182B920089CC04 /* DataAPI.m in Sources */,
				844CB6881C1717CC00710E8D /* MainTabViewController.m in Sources */,
				844CB67F1C1717CC00710E8D /* MLTransitionAnimation.m in Sources */,
				A55244821C17DB4C0089CC04 /* MJRefreshFooterView.m in Sources */,
				A55244891C17DB4C0089CC04 /* UIImageView+AFNetworking.m in Sources */,
				844CB68B1C1717CC00710E8D /* QHBasicViewController.m in Sources */,
				A55244791C17DB4C0089CC04 /* AFSecurityPolicy.m in Sources */,
				84BA233E1C18651500251393 /* CCDiscoverViewController.m in Sources */,
				844CB68A1C1717CC00710E8D /* YYTabBaseViewController.m in Sources */,
				A55244761C17DB4C0089CC04 /* AFHTTPRequestOperationManager.m in Sources */,
				A55244841C17DB4C0089CC04 /* UIButton+StrechableBgImage.m in Sources */,
				A55244981C17DCB60089CC04 /* BaseHttpClient.m in Sources */,
				A552448C1C17DB4C0089CC04 /* UIWebView+AFNetworking.m in Sources */,
				844CB68C1C1717CC00710E8D /* UIView+KGViewExtend.m in Sources */,
				A55244951C17DC4F0089CC04 /* ISNull.m in Sources */,
				A55244861C17DB4C0089CC04 /* UIActivityIndicatorView+AFNetworking.m in Sources */,
				A552447C1C17DB4C0089CC04 /* AFURLResponseSerialization.m in Sources */,
			);
			runOnlyForDeploymentPostprocessing = 0;
		};
		844CB6361C17179900710E8D /* Sources */ = {
			isa = PBXSourcesBuildPhase;
			buildActionMask = 2147483647;
			files = (
				844CB6411C17179900710E8D /* ListenProjectTests.m in Sources */,
			);
			runOnlyForDeploymentPostprocessing = 0;
		};
/* End PBXSourcesBuildPhase section */

/* Begin PBXTargetDependency section */
		844CB63C1C17179900710E8D /* PBXTargetDependency */ = {
			isa = PBXTargetDependency;
			target = 844CB6201C17179900710E8D /* ListenProject */;
			targetProxy = 844CB63B1C17179900710E8D /* PBXContainerItemProxy */;
		};
/* End PBXTargetDependency section */

/* Begin PBXVariantGroup section */
		844CB62E1C17179900710E8D /* Main.storyboard */ = {
			isa = PBXVariantGroup;
			children = (
				844CB62F1C17179900710E8D /* Base */,
			);
			name = Main.storyboard;
			sourceTree = "<group>";
		};
		844CB6331C17179900710E8D /* LaunchScreen.xib */ = {
			isa = PBXVariantGroup;
			children = (
				844CB6341C17179900710E8D /* Base */,
			);
			name = LaunchScreen.xib;
			sourceTree = "<group>";
		};
/* End PBXVariantGroup section */

/* Begin XCBuildConfiguration section */
		844CB6421C17179900710E8D /* Debug */ = {
			isa = XCBuildConfiguration;
			buildSettings = {
				ALWAYS_SEARCH_USER_PATHS = NO;
				CLANG_CXX_LANGUAGE_STANDARD = "gnu++0x";
				CLANG_CXX_LIBRARY = "libc++";
				CLANG_ENABLE_MODULES = YES;
				CLANG_ENABLE_OBJC_ARC = YES;
				CLANG_WARN_BOOL_CONVERSION = YES;
				CLANG_WARN_CONSTANT_CONVERSION = YES;
				CLANG_WARN_DIRECT_OBJC_ISA_USAGE = YES_ERROR;
				CLANG_WARN_EMPTY_BODY = YES;
				CLANG_WARN_ENUM_CONVERSION = YES;
				CLANG_WARN_INT_CONVERSION = YES;
				CLANG_WARN_OBJC_ROOT_CLASS = YES_ERROR;
				CLANG_WARN_UNREACHABLE_CODE = YES;
				CLANG_WARN__DUPLICATE_METHOD_MATCH = YES;
				"CODE_SIGN_IDENTITY[sdk=iphoneos*]" = "iPhone Developer";
				COPY_PHASE_STRIP = NO;
				ENABLE_STRICT_OBJC_MSGSEND = YES;
				GCC_C_LANGUAGE_STANDARD = gnu99;
				GCC_DYNAMIC_NO_PIC = NO;
				GCC_OPTIMIZATION_LEVEL = 0;
				GCC_PREPROCESSOR_DEFINITIONS = (
					"DEBUG=1",
					"$(inherited)",
				);
				GCC_SYMBOLS_PRIVATE_EXTERN = NO;
				GCC_WARN_64_TO_32_BIT_CONVERSION = YES;
				GCC_WARN_ABOUT_RETURN_TYPE = YES_ERROR;
				GCC_WARN_UNDECLARED_SELECTOR = YES;
				GCC_WARN_UNINITIALIZED_AUTOS = YES_AGGRESSIVE;
				GCC_WARN_UNUSED_FUNCTION = YES;
				GCC_WARN_UNUSED_VARIABLE = YES;
				IPHONEOS_DEPLOYMENT_TARGET = 8.1;
				MTL_ENABLE_DEBUG_INFO = YES;
				ONLY_ACTIVE_ARCH = YES;
				SDKROOT = iphoneos;
			};
			name = Debug;
		};
		844CB6431C17179900710E8D /* Release */ = {
			isa = XCBuildConfiguration;
			buildSettings = {
				ALWAYS_SEARCH_USER_PATHS = NO;
				CLANG_CXX_LANGUAGE_STANDARD = "gnu++0x";
				CLANG_CXX_LIBRARY = "libc++";
				CLANG_ENABLE_MODULES = YES;
				CLANG_ENABLE_OBJC_ARC = YES;
				CLANG_WARN_BOOL_CONVERSION = YES;
				CLANG_WARN_CONSTANT_CONVERSION = YES;
				CLANG_WARN_DIRECT_OBJC_ISA_USAGE = YES_ERROR;
				CLANG_WARN_EMPTY_BODY = YES;
				CLANG_WARN_ENUM_CONVERSION = YES;
				CLANG_WARN_INT_CONVERSION = YES;
				CLANG_WARN_OBJC_ROOT_CLASS = YES_ERROR;
				CLANG_WARN_UNREACHABLE_CODE = YES;
				CLANG_WARN__DUPLICATE_METHOD_MATCH = YES;
				"CODE_SIGN_IDENTITY[sdk=iphoneos*]" = "iPhone Developer";
				COPY_PHASE_STRIP = YES;
				ENABLE_NS_ASSERTIONS = NO;
				ENABLE_STRICT_OBJC_MSGSEND = YES;
				GCC_C_LANGUAGE_STANDARD = gnu99;
				GCC_WARN_64_TO_32_BIT_CONVERSION = YES;
				GCC_WARN_ABOUT_RETURN_TYPE = YES_ERROR;
				GCC_WARN_UNDECLARED_SELECTOR = YES;
				GCC_WARN_UNINITIALIZED_AUTOS = YES_AGGRESSIVE;
				GCC_WARN_UNUSED_FUNCTION = YES;
				GCC_WARN_UNUSED_VARIABLE = YES;
				IPHONEOS_DEPLOYMENT_TARGET = 8.1;
				MTL_ENABLE_DEBUG_INFO = NO;
				SDKROOT = iphoneos;
				VALIDATE_PRODUCT = YES;
			};
			name = Release;
		};
		844CB6451C17179900710E8D /* Debug */ = {
			isa = XCBuildConfiguration;
			buildSettings = {
				ASSETCATALOG_COMPILER_APPICON_NAME = AppIcon;
				INFOPLIST_FILE = ListenProject/Info.plist;
				LD_RUNPATH_SEARCH_PATHS = "$(inherited) @executable_path/Frameworks";
				PRODUCT_NAME = "$(TARGET_NAME)";
			};
			name = Debug;
		};
		844CB6461C17179900710E8D /* Release */ = {
			isa = XCBuildConfiguration;
			buildSettings = {
				ASSETCATALOG_COMPILER_APPICON_NAME = AppIcon;
				INFOPLIST_FILE = ListenProject/Info.plist;
				LD_RUNPATH_SEARCH_PATHS = "$(inherited) @executable_path/Frameworks";
				PRODUCT_NAME = "$(TARGET_NAME)";
			};
			name = Release;
		};
		844CB6481C17179900710E8D /* Debug */ = {
			isa = XCBuildConfiguration;
			buildSettings = {
				BUNDLE_LOADER = "$(TEST_HOST)";
				FRAMEWORK_SEARCH_PATHS = (
					"$(SDKROOT)/Developer/Library/Frameworks",
					"$(inherited)",
				);
				GCC_PREPROCESSOR_DEFINITIONS = (
					"DEBUG=1",
					"$(inherited)",
				);
				INFOPLIST_FILE = ListenProjectTests/Info.plist;
				LD_RUNPATH_SEARCH_PATHS = "$(inherited) @executable_path/Frameworks @loader_path/Frameworks";
				PRODUCT_NAME = "$(TARGET_NAME)";
				TEST_HOST = "$(BUILT_PRODUCTS_DIR)/ListenProject.app/ListenProject";
			};
			name = Debug;
		};
		844CB6491C17179900710E8D /* Release */ = {
			isa = XCBuildConfiguration;
			buildSettings = {
				BUNDLE_LOADER = "$(TEST_HOST)";
				FRAMEWORK_SEARCH_PATHS = (
					"$(SDKROOT)/Developer/Library/Frameworks",
					"$(inherited)",
				);
				INFOPLIST_FILE = ListenProjectTests/Info.plist;
				LD_RUNPATH_SEARCH_PATHS = "$(inherited) @executable_path/Frameworks @loader_path/Frameworks";
				PRODUCT_NAME = "$(TARGET_NAME)";
				TEST_HOST = "$(BUILT_PRODUCTS_DIR)/ListenProject.app/ListenProject";
			};
			name = Release;
		};
/* End XCBuildConfiguration section */

/* Begin XCConfigurationList section */
		844CB61C1C17179900710E8D /* Build configuration list for PBXProject "ListenProject" */ = {
			isa = XCConfigurationList;
			buildConfigurations = (
				844CB6421C17179900710E8D /* Debug */,
				844CB6431C17179900710E8D /* Release */,
			);
			defaultConfigurationIsVisible = 0;
			defaultConfigurationName = Release;
		};
		844CB6441C17179900710E8D /* Build configuration list for PBXNativeTarget "ListenProject" */ = {
			isa = XCConfigurationList;
			buildConfigurations = (
				844CB6451C17179900710E8D /* Debug */,
				844CB6461C17179900710E8D /* Release */,
			);
			defaultConfigurationIsVisible = 0;
			defaultConfigurationName = Release;
		};
		844CB6471C17179900710E8D /* Build configuration list for PBXNativeTarget "ListenProjectTests" */ = {
			isa = XCConfigurationList;
			buildConfigurations = (
				844CB6481C17179900710E8D /* Debug */,
				844CB6491C17179900710E8D /* Release */,
			);
			defaultConfigurationIsVisible = 0;
			defaultConfigurationName = Release;
		};
/* End XCConfigurationList section */
	};
	rootObject = 844CB6191C17179900710E8D /* Project object */;
}
