// !$*UTF8*$!
{
	archiveVersion = 1;
	classes = {
	};
	objectVersion = 46;
	objects = {

/* Begin PBXBuildFile section */
		A517E9231C0D4056004026B2 /* main.m in Sources */ = {isa = PBXBuildFile; fileRef = A517E9221C0D4056004026B2 /* main.m */; };
		A517E9261C0D4056004026B2 /* AppDelegate.m in Sources */ = {isa = PBXBuildFile; fileRef = A517E9251C0D4056004026B2 /* AppDelegate.m */; };
		A517E9291C0D4056004026B2 /* ViewController.m in Sources */ = {isa = PBXBuildFile; fileRef = A517E9281C0D4056004026B2 /* ViewController.m */; };
		A517E92C1C0D4056004026B2 /* Main.storyboard in Resources */ = {isa = PBXBuildFile; fileRef = A517E92A1C0D4056004026B2 /* Main.storyboard */; };
		A517E92E1C0D4056004026B2 /* Images.xcassets in Resources */ = {isa = PBXBuildFile; fileRef = A517E92D1C0D4056004026B2 /* Images.xcassets */; };
		A517E9311C0D4056004026B2 /* LaunchScreen.xib in Resources */ = {isa = PBXBuildFile; fileRef = A517E92F1C0D4056004026B2 /* LaunchScreen.xib */; };
		A517E93D1C0D4057004026B2 /* TableviewHeaderDemoTests.m in Sources */ = {isa = PBXBuildFile; fileRef = A517E93C1C0D4057004026B2 /* TableviewHeaderDemoTests.m */; };
		A5AD6B5E1C0E8B240089D3BC /* IMG_0154.JPG in Resources */ = {isa = PBXBuildFile; fileRef = A5AD6B5D1C0E8B240089D3BC /* IMG_0154.JPG */; };
/* End PBXBuildFile section */

/* Begin PBXContainerItemProxy section */
		A517E9371C0D4057004026B2 /* PBXContainerItemProxy */ = {
			isa = PBXContainerItemProxy;
			containerPortal = A517E9151C0D4056004026B2 /* Project object */;
			proxyType = 1;
			remoteGlobalIDString = A517E91C1C0D4056004026B2;
			remoteInfo = TableviewHeaderDemo;
		};
/* End PBXContainerItemProxy section */

/* Begin PBXFileReference section */
		A517E91D1C0D4056004026B2 /* TableviewHeaderDemo.app */ = {isa = PBXFileReference; explicitFileType = wrapper.application; includeInIndex = 0; path = TableviewHeaderDemo.app; sourceTree = BUILT_PRODUCTS_DIR; };
		A517E9211C0D4056004026B2 /* Info.plist */ = {isa = PBXFileReference; lastKnownFileType = text.plist.xml; path = Info.plist; sourceTree = "<group>"; };
		A517E9221C0D4056004026B2 /* main.m */ = {isa = PBXFileReference; lastKnownFileType = sourcecode.c.objc; path = main.m; sourceTree = "<group>"; };
		A517E9241C0D4056004026B2 /* AppDelegate.h */ = {isa = PBXFileReference; lastKnownFileType = sourcecode.c.h; path = AppDelegate.h; sourceTree = "<group>"; };
		A517E9251C0D4056004026B2 /* AppDelegate.m */ = {isa = PBXFileReference; lastKnownFileType = sourcecode.c.objc; path = AppDelegate.m; sourceTree = "<group>"; };
		A517E9271C0D4056004026B2 /* ViewController.h */ = {isa = PBXFileReference; lastKnownFileType = sourcecode.c.h; path = ViewController.h; sourceTree = "<group>"; };
		A517E9281C0D4056004026B2 /* ViewController.m */ = {isa = PBXFileReference; lastKnownFileType = sourcecode.c.objc; path = ViewController.m; sourceTree = "<group>"; };
		A517E92B1C0D4056004026B2 /* Base */ = {isa = PBXFileReference; lastKnownFileType = file.storyboard; name = Base; path = Base.lproj/Main.storyboard; sourceTree = "<group>"; };
		A517E92D1C0D4056004026B2 /* Images.xcassets */ = {isa = PBXFileReference; lastKnownFileType = folder.assetcatalog; path = Images.xcassets; sourceTree = "<group>"; };
		A517E9301C0D4056004026B2 /* Base */ = {isa = PBXFileReference; lastKnownFileType = file.xib; name = Base; path = Base.lproj/LaunchScreen.xib; sourceTree = "<group>"; };
		A517E9361C0D4057004026B2 /* TableviewHeaderDemoTests.xctest */ = {isa = PBXFileReference; explicitFileType = wrapper.cfbundle; includeInIndex = 0; path = TableviewHeaderDemoTests.xctest; sourceTree = BUILT_PRODUCTS_DIR; };
		A517E93B1C0D4057004026B2 /* Info.plist */ = {isa = PBXFileReference; lastKnownFileType = text.plist.xml; path = Info.plist; sourceTree = "<group>"; };
		A517E93C1C0D4057004026B2 /* TableviewHeaderDemoTests.m */ = {isa = PBXFileReference; lastKnownFileType = sourcecode.c.objc; path = TableviewHeaderDemoTests.m; sourceTree = "<group>"; };
		A5AD6B5D1C0E8B240089D3BC /* IMG_0154.JPG */ = {isa = PBXFileReference; lastKnownFileType = image.jpeg; path = IMG_0154.JPG; sourceTree = "<group>"; };
/* End PBXFileReference section */

/* Begin PBXFrameworksBuildPhase section */
		A517E91A1C0D4056004026B2 /* Frameworks */ = {
			isa = PBXFrameworksBuildPhase;
			buildActionMask = 2147483647;
			files = (
			);
			runOnlyForDeploymentPostprocessing = 0;
		};
		A517E9331C0D4057004026B2 /* Frameworks */ = {
			isa = PBXFrameworksBuildPhase;
			buildActionMask = 2147483647;
			files = (
			);
			runOnlyForDeploymentPostprocessing = 0;
		};
/* End PBXFrameworksBuildPhase section */

/* Begin PBXGroup section */
		A517E9141C0D4056004026B2 = {
			isa = PBXGroup;
			children = (
				A517E91F1C0D4056004026B2 /* TableviewHeaderDemo */,
				A517E9391C0D4057004026B2 /* TableviewHeaderDemoTests */,
				A517E91E1C0D4056004026B2 /* Products */,
			);
			sourceTree = "<group>";
		};
		A517E91E1C0D4056004026B2 /* Products */ = {
			isa = PBXGroup;
			children = (
				A517E91D1C0D4056004026B2 /* TableviewHeaderDemo.app */,
				A517E9361C0D4057004026B2 /* TableviewHeaderDemoTests.xctest */,
			);
			name = Products;
			sourceTree = "<group>";
		};
		A517E91F1C0D4056004026B2 /* TableviewHeaderDemo */ = {
			isa = PBXGroup;
			children = (
				A5AD6B5D1C0E8B240089D3BC /* IMG_0154.JPG */,
				A517E9241C0D4056004026B2 /* AppDelegate.h */,
				A517E9251C0D4056004026B2 /* AppDelegate.m */,
				A517E9271C0D4056004026B2 /* ViewController.h */,
				A517E9281C0D4056004026B2 /* ViewController.m */,
				A517E92A1C0D4056004026B2 /* Main.storyboard */,
				A517E92D1C0D4056004026B2 /* Images.xcassets */,
				A517E92F1C0D4056004026B2 /* LaunchScreen.xib */,
				A517E9201C0D4056004026B2 /* Supporting Files */,
			);
			path = TableviewHeaderDemo;
			sourceTree = "<group>";
		};
		A517E9201C0D4056004026B2 /* Supporting Files */ = {
			isa = PBXGroup;
			children = (
				A517E9211C0D4056004026B2 /* Info.plist */,
				A517E9221C0D4056004026B2 /* main.m */,
			);
			name = "Supporting Files";
			sourceTree = "<group>";
		};
		A517E9391C0D4057004026B2 /* TableviewHeaderDemoTests */ = {
			isa = PBXGroup;
			children = (
				A517E93C1C0D4057004026B2 /* TableviewHeaderDemoTests.m */,
				A517E93A1C0D4057004026B2 /* Supporting Files */,
			);
			path = TableviewHeaderDemoTests;
			sourceTree = "<group>";
		};
		A517E93A1C0D4057004026B2 /* Supporting Files */ = {
			isa = PBXGroup;
			children = (
				A517E93B1C0D4057004026B2 /* Info.plist */,
			);
			name = "Supporting Files";
			sourceTree = "<group>";
		};
/* End PBXGroup section */

/* Begin PBXNativeTarget section */
		A517E91C1C0D4056004026B2 /* TableviewHeaderDemo */ = {
			isa = PBXNativeTarget;
			buildConfigurationList = A517E9401C0D4057004026B2 /* Build configuration list for PBXNativeTarget "TableviewHeaderDemo" */;
			buildPhases = (
				A517E9191C0D4056004026B2 /* Sources */,
				A517E91A1C0D4056004026B2 /* Frameworks */,
				A517E91B1C0D4056004026B2 /* Resources */,
			);
			buildRules = (
			);
			dependencies = (
			);
			name = TableviewHeaderDemo;
			productName = TableviewHeaderDemo;
			productReference = A517E91D1C0D4056004026B2 /* TableviewHeaderDemo.app */;
			productType = "com.apple.product-type.application";
		};
		A517E9351C0D4057004026B2 /* TableviewHeaderDemoTests */ = {
			isa = PBXNativeTarget;
			buildConfigurationList = A517E9431C0D4057004026B2 /* Build configuration list for PBXNativeTarget "TableviewHeaderDemoTests" */;
			buildPhases = (
				A517E9321C0D4057004026B2 /* Sources */,
				A517E9331C0D4057004026B2 /* Frameworks */,
				A517E9341C0D4057004026B2 /* Resources */,
			);
			buildRules = (
			);
			dependencies = (
				A517E9381C0D4057004026B2 /* PBXTargetDependency */,
			);
			name = TableviewHeaderDemoTests;
			productName = TableviewHeaderDemoTests;
			productReference = A517E9361C0D4057004026B2 /* TableviewHeaderDemoTests.xctest */;
			productType = "com.apple.product-type.bundle.unit-test";
		};
/* End PBXNativeTarget section */

/* Begin PBXProject section */
		A517E9151C0D4056004026B2 /* Project object */ = {
			isa = PBXProject;
			attributes = {
				LastUpgradeCheck = 0630;
				ORGANIZATIONNAME = Elean;
				TargetAttributes = {
					A517E91C1C0D4056004026B2 = {
						CreatedOnToolsVersion = 6.3.2;
					};
					A517E9351C0D4057004026B2 = {
						CreatedOnToolsVersion = 6.3.2;
						TestTargetID = A517E91C1C0D4056004026B2;
					};
				};
			};
			buildConfigurationList = A517E9181C0D4056004026B2 /* Build configuration list for PBXProject "TableviewHeaderDemo" */;
			compatibilityVersion = "Xcode 3.2";
			developmentRegion = English;
			hasScannedForEncodings = 0;
			knownRegions = (
				en,
				Base,
			);
			mainGroup = A517E9141C0D4056004026B2;
			productRefGroup = A517E91E1C0D4056004026B2 /* Products */;
			projectDirPath = "";
			projectRoot = "";
			targets = (
				A517E91C1C0D4056004026B2 /* TableviewHeaderDemo */,
				A517E9351C0D4057004026B2 /* TableviewHeaderDemoTests */,
			);
		};
/* End PBXProject section */

/* Begin PBXResourcesBuildPhase section */
		A517E91B1C0D4056004026B2 /* Resources */ = {
			isa = PBXResourcesBuildPhase;
			buildActionMask = 2147483647;
			files = (
				A517E92C1C0D4056004026B2 /* Main.storyboard in Resources */,
				A5AD6B5E1C0E8B240089D3BC /* IMG_0154.JPG in Resources */,
				A517E9311C0D4056004026B2 /* LaunchScreen.xib in Resources */,
				A517E92E1C0D4056004026B2 /* Images.xcassets in Resources */,
			);
			runOnlyForDeploymentPostprocessing = 0;
		};
		A517E9341C0D4057004026B2 /* Resources */ = {
			isa = PBXResourcesBuildPhase;
			buildActionMask = 2147483647;
			files = (
			);
			runOnlyForDeploymentPostprocessing = 0;
		};
/* End PBXResourcesBuildPhase section */

/* Begin PBXSourcesBuildPhase section */
		A517E9191C0D4056004026B2 /* Sources */ = {
			isa = PBXSourcesBuildPhase;
			buildActionMask = 2147483647;
			files = (
				A517E9291C0D4056004026B2 /* ViewController.m in Sources */,
				A517E9261C0D4056004026B2 /* AppDelegate.m in Sources */,
				A517E9231C0D4056004026B2 /* main.m in Sources */,
			);
			runOnlyForDeploymentPostprocessing = 0;
		};
		A517E9321C0D4057004026B2 /* Sources */ = {
			isa = PBXSourcesBuildPhase;
			buildActionMask = 2147483647;
			files = (
				A517E93D1C0D4057004026B2 /* TableviewHeaderDemoTests.m in Sources */,
			);
			runOnlyForDeploymentPostprocessing = 0;
		};
/* End PBXSourcesBuildPhase section */

/* Begin PBXTargetDependency section */
		A517E9381C0D4057004026B2 /* PBXTargetDependency */ = {
			isa = PBXTargetDependency;
			target = A517E91C1C0D4056004026B2 /* TableviewHeaderDemo */;
			targetProxy = A517E9371C0D4057004026B2 /* PBXContainerItemProxy */;
		};
/* End PBXTargetDependency section */

/* Begin PBXVariantGroup section */
		A517E92A1C0D4056004026B2 /* Main.storyboard */ = {
			isa = PBXVariantGroup;
			children = (
				A517E92B1C0D4056004026B2 /* Base */,
			);
			name = Main.storyboard;
			sourceTree = "<group>";
		};
		A517E92F1C0D4056004026B2 /* LaunchScreen.xib */ = {
			isa = PBXVariantGroup;
			children = (
				A517E9301C0D4056004026B2 /* Base */,
			);
			name = LaunchScreen.xib;
			sourceTree = "<group>";
		};
/* End PBXVariantGroup section */

/* Begin XCBuildConfiguration section */
		A517E93E1C0D4057004026B2 /* Debug */ = {
			isa = XCBuildConfiguration;
			buildSettings = {
				ALWAYS_SEARCH_USER_PATHS = NO;
				CLANG_CXX_LANGUAGE_STANDARD = "gnu++0x";
				CLANG_CXX_LIBRARY = "libc++";
				CLANG_ENABLE_MODULES = YES;
				CLANG_ENABLE_OBJC_ARC = YES;
				CLANG_WARN_BOOL_CONVERSION = YES;
				CLANG_WARN_CONSTANT_CONVERSION = YES;
				CLANG_WARN_DIRECT_OBJC_ISA_USAGE = YES_ERROR;
				CLANG_WARN_EMPTY_BODY = YES;
				CLANG_WARN_ENUM_CONVERSION = YES;
				CLANG_WARN_INT_CONVERSION = YES;
				CLANG_WARN_OBJC_ROOT_CLASS = YES_ERROR;
				CLANG_WARN_UNREACHABLE_CODE = YES;
				CLANG_WARN__DUPLICATE_METHOD_MATCH = YES;
				"CODE_SIGN_IDENTITY[sdk=iphoneos*]" = "iPhone Developer";
				COPY_PHASE_STRIP = NO;
				DEBUG_INFORMATION_FORMAT = "dwarf-with-dsym";
				ENABLE_STRICT_OBJC_MSGSEND = YES;
				GCC_C_LANGUAGE_STANDARD = gnu99;
				GCC_DYNAMIC_NO_PIC = NO;
				GCC_NO_COMMON_BLOCKS = YES;
				GCC_OPTIMIZATION_LEVEL = 0;
				GCC_PREPROCESSOR_DEFINITIONS = (
					"DEBUG=1",
					"$(inherited)",
				);
				GCC_SYMBOLS_PRIVATE_EXTERN = NO;
				GCC_WARN_64_TO_32_BIT_CONVERSION = YES;
				GCC_WARN_ABOUT_RETURN_TYPE = YES_ERROR;
				GCC_WARN_UNDECLARED_SELECTOR = YES;
				GCC_WARN_UNINITIALIZED_AUTOS = YES_AGGRESSIVE;
				GCC_WARN_UNUSED_FUNCTION = YES;
				GCC_WARN_UNUSED_VARIABLE = YES;
				IPHONEOS_DEPLOYMENT_TARGET = 7.0;
				MTL_ENABLE_DEBUG_INFO = YES;
				ONLY_ACTIVE_ARCH = YES;
				SDKROOT = iphoneos;
				TARGETED_DEVICE_FAMILY = "1,2";
			};
			name = Debug;
		};
		A517E93F1C0D4057004026B2 /* Release */ = {
			isa = XCBuildConfiguration;
			buildSettings = {
				ALWAYS_SEARCH_USER_PATHS = NO;
				CLANG_CXX_LANGUAGE_STANDARD = "gnu++0x";
				CLANG_CXX_LIBRARY = "libc++";
				CLANG_ENABLE_MODULES = YES;
				CLANG_ENABLE_OBJC_ARC = YES;
				CLANG_WARN_BOOL_CONVERSION = YES;
				CLANG_WARN_CONSTANT_CONVERSION = YES;
				CLANG_WARN_DIRECT_OBJC_ISA_USAGE = YES_ERROR;
				CLANG_WARN_EMPTY_BODY = YES;
				CLANG_WARN_ENUM_CONVERSION = YES;
				CLANG_WARN_INT_CONVERSION = YES;
				CLANG_WARN_OBJC_ROOT_CLASS = YES_ERROR;
				CLANG_WARN_UNREACHABLE_CODE = YES;
				CLANG_WARN__DUPLICATE_METHOD_MATCH = YES;
				"CODE_SIGN_IDENTITY[sdk=iphoneos*]" = "iPhone Developer";
				COPY_PHASE_STRIP = NO;
				DEBUG_INFORMATION_FORMAT = "dwarf-with-dsym";
				ENABLE_NS_ASSERTIONS = NO;
				ENABLE_STRICT_OBJC_MSGSEND = YES;
				GCC_C_LANGUAGE_STANDARD = gnu99;
				GCC_NO_COMMON_BLOCKS = YES;
				GCC_WARN_64_TO_32_BIT_CONVERSION = YES;
				GCC_WARN_ABOUT_RETURN_TYPE = YES_ERROR;
				GCC_WARN_UNDECLARED_SELECTOR = YES;
				GCC_WARN_UNINITIALIZED_AUTOS = YES_AGGRESSIVE;
				GCC_WARN_UNUSED_FUNCTION = YES;
				GCC_WARN_UNUSED_VARIABLE = YES;
				IPHONEOS_DEPLOYMENT_TARGET = 7.0;
				MTL_ENABLE_DEBUG_INFO = NO;
				SDKROOT = iphoneos;
				TARGETED_DEVICE_FAMILY = "1,2";
				VALIDATE_PRODUCT = YES;
			};
			name = Release;
		};
		A517E9411C0D4057004026B2 /* Debug */ = {
			isa = XCBuildConfiguration;
			buildSettings = {
				ASSETCATALOG_COMPILER_APPICON_NAME = AppIcon;
				INFOPLIST_FILE = TableviewHeaderDemo/Info.plist;
				IPHONEOS_DEPLOYMENT_TARGET = 8.2;
				LD_RUNPATH_SEARCH_PATHS = "$(inherited) @executable_path/Frameworks";
				PRODUCT_NAME = "$(TARGET_NAME)";
			};
			name = Debug;
		};
		A517E9421C0D4057004026B2 /* Release */ = {
			isa = XCBuildConfiguration;
			buildSettings = {
				ASSETCATALOG_COMPILER_APPICON_NAME = AppIcon;
				INFOPLIST_FILE = TableviewHeaderDemo/Info.plist;
				IPHONEOS_DEPLOYMENT_TARGET = 8.2;
				LD_RUNPATH_SEARCH_PATHS = "$(inherited) @executable_path/Frameworks";
				PRODUCT_NAME = "$(TARGET_NAME)";
			};
			name = Release;
		};
		A517E9441C0D4057004026B2 /* Debug */ = {
			isa = XCBuildConfiguration;
			buildSettings = {
				BUNDLE_LOADER = "$(TEST_HOST)";
				FRAMEWORK_SEARCH_PATHS = (
					"$(SDKROOT)/Developer/Library/Frameworks",
					"$(inherited)",
				);
				GCC_PREPROCESSOR_DEFINITIONS = (
					"DEBUG=1",
					"$(inherited)",
				);
				INFOPLIST_FILE = TableviewHeaderDemoTests/Info.plist;
				LD_RUNPATH_SEARCH_PATHS = "$(inherited) @executable_path/Frameworks @loader_path/Frameworks";
				PRODUCT_NAME = "$(TARGET_NAME)";
				TEST_HOST = "$(BUILT_PRODUCTS_DIR)/TableviewHeaderDemo.app/TableviewHeaderDemo";
			};
			name = Debug;
		};
		A517E9451C0D4057004026B2 /* Release */ = {
			isa = XCBuildConfiguration;
			buildSettings = {
				BUNDLE_LOADER = "$(TEST_HOST)";
				FRAMEWORK_SEARCH_PATHS = (
					"$(SDKROOT)/Developer/Library/Frameworks",
					"$(inherited)",
				);
				INFOPLIST_FILE = TableviewHeaderDemoTests/Info.plist;
				LD_RUNPATH_SEARCH_PATHS = "$(inherited) @executable_path/Frameworks @loader_path/Frameworks";
				PRODUCT_NAME = "$(TARGET_NAME)";
				TEST_HOST = "$(BUILT_PRODUCTS_DIR)/TableviewHeaderDemo.app/TableviewHeaderDemo";
			};
			name = Release;
		};
/* End XCBuildConfiguration section */

/* Begin XCConfigurationList section */
		A517E9181C0D4056004026B2 /* Build configuration list for PBXProject "TableviewHeaderDemo" */ = {
			isa = XCConfigurationList;
			buildConfigurations = (
				A517E93E1C0D4057004026B2 /* Debug */,
				A517E93F1C0D4057004026B2 /* Release */,
			);
			defaultConfigurationIsVisible = 0;
			defaultConfigurationName = Release;
		};
		A517E9401C0D4057004026B2 /* Build configuration list for PBXNativeTarget "TableviewHeaderDemo" */ = {
			isa = XCConfigurationList;
			buildConfigurations = (
				A517E9411C0D4057004026B2 /* Debug */,
				A517E9421C0D4057004026B2 /* Release */,
			);
			defaultConfigurationIsVisible = 0;
			defaultConfigurationName = Release;
		};
		A517E9431C0D4057004026B2 /* Build configuration list for PBXNativeTarget "TableviewHeaderDemoTests" */ = {
			isa = XCConfigurationList;
			buildConfigurations = (
				A517E9441C0D4057004026B2 /* Debug */,
				A517E9451C0D4057004026B2 /* Release */,
			);
			defaultConfigurationIsVisible = 0;
			defaultConfigurationName = Release;
		};
/* End XCConfigurationList section */
	};
	rootObject = A517E9151C0D4056004026B2 /* Project object */;
}
