// !$*UTF8*$!
{
	archiveVersion = 1;
	classes = {
	};
	objectVersion = 46;
	objects = {

/* Begin PBXBuildFile section */
		84A385271C1709D200F8FC40 /* main.m in Sources */ = {isa = PBXBuildFile; fileRef = 84A385261C1709D200F8FC40 /* main.m */; };
		84A3852A1C1709D200F8FC40 /* AppDelegate.m in Sources */ = {isa = PBXBuildFile; fileRef = 84A385291C1709D200F8FC40 /* AppDelegate.m */; };
		84A3852D1C1709D200F8FC40 /* ViewController.m in Sources */ = {isa = PBXBuildFile; fileRef = 84A3852C1C1709D200F8FC40 /* ViewController.m */; };
		84A385301C1709D200F8FC40 /* Main.storyboard in Resources */ = {isa = PBXBuildFile; fileRef = 84A3852E1C1709D200F8FC40 /* Main.storyboard */; };
		84A385321C1709D200F8FC40 /* Images.xcassets in Resources */ = {isa = PBXBuildFile; fileRef = 84A385311C1709D200F8FC40 /* Images.xcassets */; };
		84A385351C1709D200F8FC40 /* LaunchScreen.xib in Resources */ = {isa = PBXBuildFile; fileRef = 84A385331C1709D200F8FC40 /* LaunchScreen.xib */; };
		84A385411C1709D200F8FC40 /* SliderDemoTests.m in Sources */ = {isa = PBXBuildFile; fileRef = 84A385401C1709D200F8FC40 /* SliderDemoTests.m */; };
		84A3857A1C170A1400F8FC40 /* MLBlackTransition.m in Sources */ = {isa = PBXBuildFile; fileRef = 84A3854D1C170A1300F8FC40 /* MLBlackTransition.m */; };
		84A3857B1C170A1400F8FC40 /* MLTransitionAnimation.m in Sources */ = {isa = PBXBuildFile; fileRef = 84A385501C170A1300F8FC40 /* MLTransitionAnimation.m */; };
		84A3857C1C170A1400F8FC40 /* UIViewController+MLTransition.m in Sources */ = {isa = PBXBuildFile; fileRef = 84A385521C170A1300F8FC40 /* UIViewController+MLTransition.m */; };
		84A3857D1C170A1400F8FC40 /* QHCommonUtil.m in Sources */ = {isa = PBXBuildFile; fileRef = 84A385551C170A1300F8FC40 /* QHCommonUtil.m */; };
		84A3857E1C170A1400F8FC40 /* QHConfiguredObj.m in Sources */ = {isa = PBXBuildFile; fileRef = 84A385571C170A1300F8FC40 /* QHConfiguredObj.m */; };
		84A3857F1C170A1400F8FC40 /* home_Nav.png in Resources */ = {isa = PBXBuildFile; fileRef = 84A3855A1C170A1300F8FC40 /* home_Nav.png */; };
		84A385801C170A1400F8FC40 /* home_Nav@2x.png in Resources */ = {isa = PBXBuildFile; fileRef = 84A3855B1C170A1300F8FC40 /* home_Nav@2x.png */; };
		84A385811C170A1400F8FC40 /* Tabar_background@2x.png in Resources */ = {isa = PBXBuildFile; fileRef = 84A3855C1C170A1300F8FC40 /* Tabar_background@2x.png */; };
		84A385821C170A1400F8FC40 /* SliderViewController.m in Sources */ = {isa = PBXBuildFile; fileRef = 84A3855E1C170A1300F8FC40 /* SliderViewController.m */; };
		84A385831C170A1400F8FC40 /* LeftViewController.m in Sources */ = {isa = PBXBuildFile; fileRef = 84A385611C170A1300F8FC40 /* LeftViewController.m */; };
		84A385841C170A1400F8FC40 /* MainTabViewController.m in Sources */ = {isa = PBXBuildFile; fileRef = 84A385631C170A1300F8FC40 /* MainTabViewController.m */; };
		84A385851C170A1400F8FC40 /* YYLetfItemCell.m in Sources */ = {isa = PBXBuildFile; fileRef = 84A385651C170A1300F8FC40 /* YYLetfItemCell.m */; };
		84A385861C170A1400F8FC40 /* YYTabBaseViewController.m in Sources */ = {isa = PBXBuildFile; fileRef = 84A385671C170A1300F8FC40 /* YYTabBaseViewController.m */; };
		84A385871C170A1400F8FC40 /* QHBasicViewController.m in Sources */ = {isa = PBXBuildFile; fileRef = 84A3856A1C170A1300F8FC40 /* QHBasicViewController.m */; };
		84A385881C170A1400F8FC40 /* UIView+KGViewExtend.m in Sources */ = {isa = PBXBuildFile; fileRef = 84A3856C1C170A1300F8FC40 /* UIView+KGViewExtend.m */; };
		84A385891C170A1400F8FC40 /* ioapi.c in Sources */ = {isa = PBXBuildFile; fileRef = 84A385701C170A1400F8FC40 /* ioapi.c */; };
		84A3858A1C170A1400F8FC40 /* mztools.c in Sources */ = {isa = PBXBuildFile; fileRef = 84A385721C170A1400F8FC40 /* mztools.c */; };
		84A3858B1C170A1400F8FC40 /* unzip.c in Sources */ = {isa = PBXBuildFile; fileRef = 84A385741C170A1400F8FC40 /* unzip.c */; };
		84A3858C1C170A1400F8FC40 /* zip.c in Sources */ = {isa = PBXBuildFile; fileRef = 84A385761C170A1400F8FC40 /* zip.c */; };
		84A3858D1C170A1400F8FC40 /* ZipArchive.mm in Sources */ = {isa = PBXBuildFile; fileRef = 84A385791C170A1400F8FC40 /* ZipArchive.mm */; };
		84A385911C170CD700F8FC40 /* UIView+Extension.m in Sources */ = {isa = PBXBuildFile; fileRef = 84A385901C170CD700F8FC40 /* UIView+Extension.m */; };
		84A385B41C17130D00F8FC40 /* ioapi.c in Sources */ = {isa = PBXBuildFile; fileRef = 84A385A91C17130D00F8FC40 /* ioapi.c */; };
		84A385B51C17130D00F8FC40 /* mztools.c in Sources */ = {isa = PBXBuildFile; fileRef = 84A385AB1C17130D00F8FC40 /* mztools.c */; };
		84A385B61C17130D00F8FC40 /* unzip.c in Sources */ = {isa = PBXBuildFile; fileRef = 84A385AD1C17130D00F8FC40 /* unzip.c */; };
		84A385B71C17130D00F8FC40 /* zip.c in Sources */ = {isa = PBXBuildFile; fileRef = 84A385AF1C17130D00F8FC40 /* zip.c */; };
		84A385B81C17130D00F8FC40 /* README.md in Sources */ = {isa = PBXBuildFile; fileRef = 84A385B11C17130D00F8FC40 /* README.md */; };
		84A385B91C17130D00F8FC40 /* ZipArchive.mm in Sources */ = {isa = PBXBuildFile; fileRef = 84A385B31C17130D00F8FC40 /* ZipArchive.mm */; };
/* End PBXBuildFile section */

/* Begin PBXContainerItemProxy section */
		84A3853B1C1709D200F8FC40 /* PBXContainerItemProxy */ = {
			isa = PBXContainerItemProxy;
			containerPortal = 84A385191C1709D200F8FC40 /* Project object */;
			proxyType = 1;
			remoteGlobalIDString = 84A385201C1709D200F8FC40;
			remoteInfo = SliderDemo;
		};
/* End PBXContainerItemProxy section */

/* Begin PBXFileReference section */
		84A385211C1709D200F8FC40 /* SliderDemo.app */ = {isa = PBXFileReference; explicitFileType = wrapper.application; includeInIndex = 0; path = SliderDemo.app; sourceTree = BUILT_PRODUCTS_DIR; };
		84A385251C1709D200F8FC40 /* Info.plist */ = {isa = PBXFileReference; lastKnownFileType = text.plist.xml; path = Info.plist; sourceTree = "<group>"; };
		84A385261C1709D200F8FC40 /* main.m */ = {isa = PBXFileReference; lastKnownFileType = sourcecode.c.objc; path = main.m; sourceTree = "<group>"; };
		84A385281C1709D200F8FC40 /* AppDelegate.h */ = {isa = PBXFileReference; lastKnownFileType = sourcecode.c.h; path = AppDelegate.h; sourceTree = "<group>"; };
		84A385291C1709D200F8FC40 /* AppDelegate.m */ = {isa = PBXFileReference; lastKnownFileType = sourcecode.c.objc; path = AppDelegate.m; sourceTree = "<group>"; };
		84A3852B1C1709D200F8FC40 /* ViewController.h */ = {isa = PBXFileReference; lastKnownFileType = sourcecode.c.h; path = ViewController.h; sourceTree = "<group>"; };
		84A3852C1C1709D200F8FC40 /* ViewController.m */ = {isa = PBXFileReference; lastKnownFileType = sourcecode.c.objc; path = ViewController.m; sourceTree = "<group>"; };
		84A3852F1C1709D200F8FC40 /* Base */ = {isa = PBXFileReference; lastKnownFileType = file.storyboard; name = Base; path = Base.lproj/Main.storyboard; sourceTree = "<group>"; };
		84A385311C1709D200F8FC40 /* Images.xcassets */ = {isa = PBXFileReference; lastKnownFileType = folder.assetcatalog; path = Images.xcassets; sourceTree = "<group>"; };
		84A385341C1709D200F8FC40 /* Base */ = {isa = PBXFileReference; lastKnownFileType = file.xib; name = Base; path = Base.lproj/LaunchScreen.xib; sourceTree = "<group>"; };
		84A3853A1C1709D200F8FC40 /* SliderDemoTests.xctest */ = {isa = PBXFileReference; explicitFileType = wrapper.cfbundle; includeInIndex = 0; path = SliderDemoTests.xctest; sourceTree = BUILT_PRODUCTS_DIR; };
		84A3853F1C1709D200F8FC40 /* Info.plist */ = {isa = PBXFileReference; lastKnownFileType = text.plist.xml; path = Info.plist; sourceTree = "<group>"; };
		84A385401C1709D200F8FC40 /* SliderDemoTests.m */ = {isa = PBXFileReference; lastKnownFileType = sourcecode.c.objc; path = SliderDemoTests.m; sourceTree = "<group>"; };
		84A3854C1C170A1300F8FC40 /* MLBlackTransition.h */ = {isa = PBXFileReference; fileEncoding = 4; lastKnownFileType = sourcecode.c.h; path = MLBlackTransition.h; sourceTree = "<group>"; };
		84A3854D1C170A1300F8FC40 /* MLBlackTransition.m */ = {isa = PBXFileReference; fileEncoding = 4; lastKnownFileType = sourcecode.c.objc; path = MLBlackTransition.m; sourceTree = "<group>"; };
		84A3854F1C170A1300F8FC40 /* MLTransitionAnimation.h */ = {isa = PBXFileReference; fileEncoding = 4; lastKnownFileType = sourcecode.c.h; path = MLTransitionAnimation.h; sourceTree = "<group>"; };
		84A385501C170A1300F8FC40 /* MLTransitionAnimation.m */ = {isa = PBXFileReference; fileEncoding = 4; lastKnownFileType = sourcecode.c.objc; path = MLTransitionAnimation.m; sourceTree = "<group>"; };
		84A385511C170A1300F8FC40 /* UIViewController+MLTransition.h */ = {isa = PBXFileReference; fileEncoding = 4; lastKnownFileType = sourcecode.c.h; path = "UIViewController+MLTransition.h"; sourceTree = "<group>"; };
		84A385521C170A1300F8FC40 /* UIViewController+MLTransition.m */ = {isa = PBXFileReference; fileEncoding = 4; lastKnownFileType = sourcecode.c.objc; path = "UIViewController+MLTransition.m"; sourceTree = "<group>"; };
		84A385541C170A1300F8FC40 /* QHCommonUtil.h */ = {isa = PBXFileReference; fileEncoding = 4; lastKnownFileType = sourcecode.c.h; path = QHCommonUtil.h; sourceTree = "<group>"; };
		84A385551C170A1300F8FC40 /* QHCommonUtil.m */ = {isa = PBXFileReference; fileEncoding = 4; lastKnownFileType = sourcecode.c.objc; path = QHCommonUtil.m; sourceTree = "<group>"; };
		84A385561C170A1300F8FC40 /* QHConfiguredObj.h */ = {isa = PBXFileReference; fileEncoding = 4; lastKnownFileType = sourcecode.c.h; path = QHConfiguredObj.h; sourceTree = "<group>"; };
		84A385571C170A1300F8FC40 /* QHConfiguredObj.m */ = {isa = PBXFileReference; fileEncoding = 4; lastKnownFileType = sourcecode.c.objc; path = QHConfiguredObj.m; sourceTree = "<group>"; };
		84A385581C170A1300F8FC40 /* QHViewTag.h */ = {isa = PBXFileReference; fileEncoding = 4; lastKnownFileType = sourcecode.c.h; path = QHViewTag.h; sourceTree = "<group>"; };
		84A3855A1C170A1300F8FC40 /* home_Nav.png */ = {isa = PBXFileReference; lastKnownFileType = image.png; path = home_Nav.png; sourceTree = "<group>"; };
		84A3855B1C170A1300F8FC40 /* home_Nav@2x.png */ = {isa = PBXFileReference; lastKnownFileType = image.png; path = "home_Nav@2x.png"; sourceTree = "<group>"; };
		84A3855C1C170A1300F8FC40 /* Tabar_background@2x.png */ = {isa = PBXFileReference; lastKnownFileType = image.png; path = "Tabar_background@2x.png"; sourceTree = "<group>"; };
		84A3855D1C170A1300F8FC40 /* SliderViewController.h */ = {isa = PBXFileReference; fileEncoding = 4; lastKnownFileType = sourcecode.c.h; path = SliderViewController.h; sourceTree = "<group>"; };
		84A3855E1C170A1300F8FC40 /* SliderViewController.m */ = {isa = PBXFileReference; fileEncoding = 4; lastKnownFileType = sourcecode.c.objc; path = SliderViewController.m; sourceTree = "<group>"; };
		84A385601C170A1300F8FC40 /* LeftViewController.h */ = {isa = PBXFileReference; fileEncoding = 4; lastKnownFileType = sourcecode.c.h; path = LeftViewController.h; sourceTree = "<group>"; };
		84A385611C170A1300F8FC40 /* LeftViewController.m */ = {isa = PBXFileReference; fileEncoding = 4; lastKnownFileType = sourcecode.c.objc; path = LeftViewController.m; sourceTree = "<group>"; };
		84A385621C170A1300F8FC40 /* MainTabViewController.h */ = {isa = PBXFileReference; fileEncoding = 4; lastKnownFileType = sourcecode.c.h; path = MainTabViewController.h; sourceTree = "<group>"; };
		84A385631C170A1300F8FC40 /* MainTabViewController.m */ = {isa = PBXFileReference; fileEncoding = 4; lastKnownFileType = sourcecode.c.objc; path = MainTabViewController.m; sourceTree = "<group>"; };
		84A385641C170A1300F8FC40 /* YYLetfItemCell.h */ = {isa = PBXFileReference; fileEncoding = 4; lastKnownFileType = sourcecode.c.h; path = YYLetfItemCell.h; sourceTree = "<group>"; };
		84A385651C170A1300F8FC40 /* YYLetfItemCell.m */ = {isa = PBXFileReference; fileEncoding = 4; lastKnownFileType = sourcecode.c.objc; path = YYLetfItemCell.m; sourceTree = "<group>"; };
		84A385661C170A1300F8FC40 /* YYTabBaseViewController.h */ = {isa = PBXFileReference; fileEncoding = 4; lastKnownFileType = sourcecode.c.h; path = YYTabBaseViewController.h; sourceTree = "<group>"; };
		84A385671C170A1300F8FC40 /* YYTabBaseViewController.m */ = {isa = PBXFileReference; fileEncoding = 4; lastKnownFileType = sourcecode.c.objc; path = YYTabBaseViewController.m; sourceTree = "<group>"; };
		84A385691C170A1300F8FC40 /* QHBasicViewController.h */ = {isa = PBXFileReference; fileEncoding = 4; lastKnownFileType = sourcecode.c.h; path = QHBasicViewController.h; sourceTree = "<group>"; };
		84A3856A1C170A1300F8FC40 /* QHBasicViewController.m */ = {isa = PBXFileReference; fileEncoding = 4; lastKnownFileType = sourcecode.c.objc; path = QHBasicViewController.m; sourceTree = "<group>"; };
		84A3856B1C170A1300F8FC40 /* UIView+KGViewExtend.h */ = {isa = PBXFileReference; fileEncoding = 4; lastKnownFileType = sourcecode.c.h; path = "UIView+KGViewExtend.h"; sourceTree = "<group>"; };
		84A3856C1C170A1300F8FC40 /* UIView+KGViewExtend.m */ = {isa = PBXFileReference; fileEncoding = 4; lastKnownFileType = sourcecode.c.objc; path = "UIView+KGViewExtend.m"; sourceTree = "<group>"; };
		84A3856F1C170A1300F8FC40 /* crypt.h */ = {isa = PBXFileReference; fileEncoding = 4; lastKnownFileType = sourcecode.c.h; path = crypt.h; sourceTree = "<group>"; };
		84A385701C170A1400F8FC40 /* ioapi.c */ = {isa = PBXFileReference; fileEncoding = 4; lastKnownFileType = sourcecode.c.c; path = ioapi.c; sourceTree = "<group>"; };
		84A385711C170A1400F8FC40 /* ioapi.h */ = {isa = PBXFileReference; fileEncoding = 4; lastKnownFileType = sourcecode.c.h; path = ioapi.h; sourceTree = "<group>"; };
		84A385721C170A1400F8FC40 /* mztools.c */ = {isa = PBXFileReference; fileEncoding = 4; lastKnownFileType = sourcecode.c.c; path = mztools.c; sourceTree = "<group>"; };
		84A385731C170A1400F8FC40 /* mztools.h */ = {isa = PBXFileReference; fileEncoding = 4; lastKnownFileType = sourcecode.c.h; path = mztools.h; sourceTree = "<group>"; };
		84A385741C170A1400F8FC40 /* unzip.c */ = {isa = PBXFileReference; fileEncoding = 4; lastKnownFileType = sourcecode.c.c; path = unzip.c; sourceTree = "<group>"; };
		84A385751C170A1400F8FC40 /* unzip.h */ = {isa = PBXFileReference; fileEncoding = 4; lastKnownFileType = sourcecode.c.h; path = unzip.h; sourceTree = "<group>"; };
		84A385761C170A1400F8FC40 /* zip.c */ = {isa = PBXFileReference; fileEncoding = 4; lastKnownFileType = sourcecode.c.c; path = zip.c; sourceTree = "<group>"; };
		84A385771C170A1400F8FC40 /* zip.h */ = {isa = PBXFileReference; fileEncoding = 4; lastKnownFileType = sourcecode.c.h; path = zip.h; sourceTree = "<group>"; };
		84A385781C170A1400F8FC40 /* ZipArchive.h */ = {isa = PBXFileReference; fileEncoding = 4; lastKnownFileType = sourcecode.c.h; path = ZipArchive.h; sourceTree = "<group>"; };
		84A385791C170A1400F8FC40 /* ZipArchive.mm */ = {isa = PBXFileReference; fileEncoding = 4; lastKnownFileType = sourcecode.cpp.objcpp; path = ZipArchive.mm; sourceTree = "<group>"; };
		84A3858E1C170A5700F8FC40 /* SliderViewControllerHeader.h */ = {isa = PBXFileReference; fileEncoding = 4; lastKnownFileType = sourcecode.c.h; path = SliderViewControllerHeader.h; sourceTree = "<group>"; };
		84A3858F1C170CD700F8FC40 /* UIView+Extension.h */ = {isa = PBXFileReference; fileEncoding = 4; lastKnownFileType = sourcecode.c.h; path = "UIView+Extension.h"; sourceTree = "<group>"; };
		84A385901C170CD700F8FC40 /* UIView+Extension.m */ = {isa = PBXFileReference; fileEncoding = 4; lastKnownFileType = sourcecode.c.objc; path = "UIView+Extension.m"; sourceTree = "<group>"; };
		84A385A81C17130D00F8FC40 /* crypt.h */ = {isa = PBXFileReference; fileEncoding = 4; lastKnownFileType = sourcecode.c.h; path = crypt.h; sourceTree = "<group>"; };
		84A385A91C17130D00F8FC40 /* ioapi.c */ = {isa = PBXFileReference; fileEncoding = 4; lastKnownFileType = sourcecode.c.c; path = ioapi.c; sourceTree = "<group>"; };
		84A385AA1C17130D00F8FC40 /* ioapi.h */ = {isa = PBXFileReference; fileEncoding = 4; lastKnownFileType = sourcecode.c.h; path = ioapi.h; sourceTree = "<group>"; };
		84A385AB1C17130D00F8FC40 /* mztools.c */ = {isa = PBXFileReference; fileEncoding = 4; lastKnownFileType = sourcecode.c.c; path = mztools.c; sourceTree = "<group>"; };
		84A385AC1C17130D00F8FC40 /* mztools.h */ = {isa = PBXFileReference; fileEncoding = 4; lastKnownFileType = sourcecode.c.h; path = mztools.h; sourceTree = "<group>"; };
		84A385AD1C17130D00F8FC40 /* unzip.c */ = {isa = PBXFileReference; fileEncoding = 4; lastKnownFileType = sourcecode.c.c; path = unzip.c; sourceTree = "<group>"; };
		84A385AE1C17130D00F8FC40 /* unzip.h */ = {isa = PBXFileReference; fileEncoding = 4; lastKnownFileType = sourcecode.c.h; path = unzip.h; sourceTree = "<group>"; };
		84A385AF1C17130D00F8FC40 /* zip.c */ = {isa = PBXFileReference; fileEncoding = 4; lastKnownFileType = sourcecode.c.c; path = zip.c; sourceTree = "<group>"; };
		84A385B01C17130D00F8FC40 /* zip.h */ = {isa = PBXFileReference; fileEncoding = 4; lastKnownFileType = sourcecode.c.h; path = zip.h; sourceTree = "<group>"; };
		84A385B11C17130D00F8FC40 /* README.md */ = {isa = PBXFileReference; fileEncoding = 4; lastKnownFileType = net.daringfireball.markdown; path = README.md; sourceTree = "<group>"; };
		84A385B21C17130D00F8FC40 /* ZipArchive.h */ = {isa = PBXFileReference; fileEncoding = 4; lastKnownFileType = sourcecode.c.h; path = ZipArchive.h; sourceTree = "<group>"; };
		84A385B31C17130D00F8FC40 /* ZipArchive.mm */ = {isa = PBXFileReference; fileEncoding = 4; lastKnownFileType = sourcecode.cpp.objcpp; path = ZipArchive.mm; sourceTree = "<group>"; };
/* End PBXFileReference section */

/* Begin PBXFrameworksBuildPhase section */
		84A3851E1C1709D200F8FC40 /* Frameworks */ = {
			isa = PBXFrameworksBuildPhase;
			buildActionMask = 2147483647;
			files = (
			);
			runOnlyForDeploymentPostprocessing = 0;
		};
		84A385371C1709D200F8FC40 /* Frameworks */ = {
			isa = PBXFrameworksBuildPhase;
			buildActionMask = 2147483647;
			files = (
			);
			runOnlyForDeploymentPostprocessing = 0;
		};
/* End PBXFrameworksBuildPhase section */

/* Begin PBXGroup section */
		84A385181C1709D200F8FC40 = {
			isa = PBXGroup;
			children = (
				84A3854A1C170A1300F8FC40 /* SliderViewController */,
				84A385231C1709D200F8FC40 /* SliderDemo */,
				84A3853D1C1709D200F8FC40 /* SliderDemoTests */,
				84A385221C1709D200F8FC40 /* Products */,
			);
			sourceTree = "<group>";
		};
		84A385221C1709D200F8FC40 /* Products */ = {
			isa = PBXGroup;
			children = (
				84A385211C1709D200F8FC40 /* SliderDemo.app */,
				84A3853A1C1709D200F8FC40 /* SliderDemoTests.xctest */,
			);
			name = Products;
			sourceTree = "<group>";
		};
		84A385231C1709D200F8FC40 /* SliderDemo */ = {
			isa = PBXGroup;
			children = (
				84A385281C1709D200F8FC40 /* AppDelegate.h */,
				84A385291C1709D200F8FC40 /* AppDelegate.m */,
				84A3852B1C1709D200F8FC40 /* ViewController.h */,
				84A3852C1C1709D200F8FC40 /* ViewController.m */,
				84A3852E1C1709D200F8FC40 /* Main.storyboard */,
				84A385311C1709D200F8FC40 /* Images.xcassets */,
				84A385331C1709D200F8FC40 /* LaunchScreen.xib */,
				84A385241C1709D200F8FC40 /* Supporting Files */,
			);
			path = SliderDemo;
			sourceTree = "<group>";
		};
		84A385241C1709D200F8FC40 /* Supporting Files */ = {
			isa = PBXGroup;
			children = (
				84A385251C1709D200F8FC40 /* Info.plist */,
				84A385261C1709D200F8FC40 /* main.m */,
			);
			name = "Supporting Files";
			sourceTree = "<group>";
		};
		84A3853D1C1709D200F8FC40 /* SliderDemoTests */ = {
			isa = PBXGroup;
			children = (
				84A385401C1709D200F8FC40 /* SliderDemoTests.m */,
				84A3853E1C1709D200F8FC40 /* Supporting Files */,
			);
			path = SliderDemoTests;
			sourceTree = "<group>";
		};
		84A3853E1C1709D200F8FC40 /* Supporting Files */ = {
			isa = PBXGroup;
			children = (
				84A3853F1C1709D200F8FC40 /* Info.plist */,
			);
			name = "Supporting Files";
			sourceTree = "<group>";
		};
		84A3854A1C170A1300F8FC40 /* SliderViewController */ = {
			isa = PBXGroup;
			children = (
				84A385A61C17130D00F8FC40 /* ZipArchive */,
				84A3858F1C170CD700F8FC40 /* UIView+Extension.h */,
				84A385901C170CD700F8FC40 /* UIView+Extension.m */,
				84A3858E1C170A5700F8FC40 /* SliderViewControllerHeader.h */,
				84A3854B1C170A1300F8FC40 /* MLBlackTransition */,
				84A3854E1C170A1300F8FC40 /* MLTransition */,
				84A385531C170A1300F8FC40 /* QHUtills */,
				84A385591C170A1300F8FC40 /* SliderImages */,
				84A3855D1C170A1300F8FC40 /* SliderViewController.h */,
				84A3855E1C170A1300F8FC40 /* SliderViewController.m */,
				84A3855F1C170A1300F8FC40 /* TabControllers */,
				84A385681C170A1300F8FC40 /* ViewExtend */,
				84A3856D1C170A1300F8FC40 /* ZipArchive */,
			);
			path = SliderViewController;
			sourceTree = "<group>";
		};
		84A3854B1C170A1300F8FC40 /* MLBlackTransition */ = {
			isa = PBXGroup;
			children = (
				84A3854C1C170A1300F8FC40 /* MLBlackTransition.h */,
				84A3854D1C170A1300F8FC40 /* MLBlackTransition.m */,
			);
			path = MLBlackTransition;
			sourceTree = "<group>";
		};
		84A3854E1C170A1300F8FC40 /* MLTransition */ = {
			isa = PBXGroup;
			children = (
				84A3854F1C170A1300F8FC40 /* MLTransitionAnimation.h */,
				84A385501C170A1300F8FC40 /* MLTransitionAnimation.m */,
				84A385511C170A1300F8FC40 /* UIViewController+MLTransition.h */,
				84A385521C170A1300F8FC40 /* UIViewController+MLTransition.m */,
			);
			path = MLTransition;
			sourceTree = "<group>";
		};
		84A385531C170A1300F8FC40 /* QHUtills */ = {
			isa = PBXGroup;
			children = (
				84A385541C170A1300F8FC40 /* QHCommonUtil.h */,
				84A385551C170A1300F8FC40 /* QHCommonUtil.m */,
				84A385561C170A1300F8FC40 /* QHConfiguredObj.h */,
				84A385571C170A1300F8FC40 /* QHConfiguredObj.m */,
				84A385581C170A1300F8FC40 /* QHViewTag.h */,
			);
			path = QHUtills;
			sourceTree = "<group>";
		};
		84A385591C170A1300F8FC40 /* SliderImages */ = {
			isa = PBXGroup;
			children = (
				84A3855A1C170A1300F8FC40 /* home_Nav.png */,
				84A3855B1C170A1300F8FC40 /* home_Nav@2x.png */,
				84A3855C1C170A1300F8FC40 /* Tabar_background@2x.png */,
			);
			path = SliderImages;
			sourceTree = "<group>";
		};
		84A3855F1C170A1300F8FC40 /* TabControllers */ = {
			isa = PBXGroup;
			children = (
				84A385601C170A1300F8FC40 /* LeftViewController.h */,
				84A385611C170A1300F8FC40 /* LeftViewController.m */,
				84A385621C170A1300F8FC40 /* MainTabViewController.h */,
				84A385631C170A1300F8FC40 /* MainTabViewController.m */,
				84A385641C170A1300F8FC40 /* YYLetfItemCell.h */,
				84A385651C170A1300F8FC40 /* YYLetfItemCell.m */,
				84A385661C170A1300F8FC40 /* YYTabBaseViewController.h */,
				84A385671C170A1300F8FC40 /* YYTabBaseViewController.m */,
			);
			path = TabControllers;
			sourceTree = "<group>";
		};
		84A385681C170A1300F8FC40 /* ViewExtend */ = {
			isa = PBXGroup;
			children = (
				84A385691C170A1300F8FC40 /* QHBasicViewController.h */,
				84A3856A1C170A1300F8FC40 /* QHBasicViewController.m */,
				84A3856B1C170A1300F8FC40 /* UIView+KGViewExtend.h */,
				84A3856C1C170A1300F8FC40 /* UIView+KGViewExtend.m */,
			);
			path = ViewExtend;
			sourceTree = "<group>";
		};
		84A3856D1C170A1300F8FC40 /* ZipArchive */ = {
			isa = PBXGroup;
			children = (
				84A3856E1C170A1300F8FC40 /* minizip */,
				84A385781C170A1400F8FC40 /* ZipArchive.h */,
				84A385791C170A1400F8FC40 /* ZipArchive.mm */,
			);
			path = ZipArchive;
			sourceTree = "<group>";
		};
		84A3856E1C170A1300F8FC40 /* minizip */ = {
			isa = PBXGroup;
			children = (
				84A3856F1C170A1300F8FC40 /* crypt.h */,
				84A385701C170A1400F8FC40 /* ioapi.c */,
				84A385711C170A1400F8FC40 /* ioapi.h */,
				84A385721C170A1400F8FC40 /* mztools.c */,
				84A385731C170A1400F8FC40 /* mztools.h */,
				84A385741C170A1400F8FC40 /* unzip.c */,
				84A385751C170A1400F8FC40 /* unzip.h */,
				84A385761C170A1400F8FC40 /* zip.c */,
				84A385771C170A1400F8FC40 /* zip.h */,
			);
			path = minizip;
			sourceTree = "<group>";
		};
		84A385A61C17130D00F8FC40 /* ZipArchive */ = {
			isa = PBXGroup;
			children = (
				84A385A71C17130D00F8FC40 /* minizip */,
				84A385B11C17130D00F8FC40 /* README.md */,
				84A385B21C17130D00F8FC40 /* ZipArchive.h */,
				84A385B31C17130D00F8FC40 /* ZipArchive.mm */,
			);
			path = ZipArchive;
			sourceTree = "<group>";
		};
		84A385A71C17130D00F8FC40 /* minizip */ = {
			isa = PBXGroup;
			children = (
				84A385A81C17130D00F8FC40 /* crypt.h */,
				84A385A91C17130D00F8FC40 /* ioapi.c */,
				84A385AA1C17130D00F8FC40 /* ioapi.h */,
				84A385AB1C17130D00F8FC40 /* mztools.c */,
				84A385AC1C17130D00F8FC40 /* mztools.h */,
				84A385AD1C17130D00F8FC40 /* unzip.c */,
				84A385AE1C17130D00F8FC40 /* unzip.h */,
				84A385AF1C17130D00F8FC40 /* zip.c */,
				84A385B01C17130D00F8FC40 /* zip.h */,
			);
			path = minizip;
			sourceTree = "<group>";
		};
/* End PBXGroup section */

/* Begin PBXNativeTarget section */
		84A385201C1709D200F8FC40 /* SliderDemo */ = {
			isa = PBXNativeTarget;
			buildConfigurationList = 84A385441C1709D200F8FC40 /* Build configuration list for PBXNativeTarget "SliderDemo" */;
			buildPhases = (
				84A3851D1C1709D200F8FC40 /* Sources */,
				84A3851E1C1709D200F8FC40 /* Frameworks */,
				84A3851F1C1709D200F8FC40 /* Resources */,
			);
			buildRules = (
			);
			dependencies = (
			);
			name = SliderDemo;
			productName = SliderDemo;
			productReference = 84A385211C1709D200F8FC40 /* SliderDemo.app */;
			productType = "com.apple.product-type.application";
		};
		84A385391C1709D200F8FC40 /* SliderDemoTests */ = {
			isa = PBXNativeTarget;
			buildConfigurationList = 84A385471C1709D200F8FC40 /* Build configuration list for PBXNativeTarget "SliderDemoTests" */;
			buildPhases = (
				84A385361C1709D200F8FC40 /* Sources */,
				84A385371C1709D200F8FC40 /* Frameworks */,
				84A385381C1709D200F8FC40 /* Resources */,
			);
			buildRules = (
			);
			dependencies = (
				84A3853C1C1709D200F8FC40 /* PBXTargetDependency */,
			);
			name = SliderDemoTests;
			productName = SliderDemoTests;
			productReference = 84A3853A1C1709D200F8FC40 /* SliderDemoTests.xctest */;
			productType = "com.apple.product-type.bundle.unit-test";
		};
/* End PBXNativeTarget section */

/* Begin PBXProject section */
		84A385191C1709D200F8FC40 /* Project object */ = {
			isa = PBXProject;
			attributes = {
				LastUpgradeCheck = 0610;
				ORGANIZATIONNAME = "夏婷";
				TargetAttributes = {
					84A385201C1709D200F8FC40 = {
						CreatedOnToolsVersion = 6.1;
					};
					84A385391C1709D200F8FC40 = {
						CreatedOnToolsVersion = 6.1;
						TestTargetID = 84A385201C1709D200F8FC40;
					};
				};
			};
			buildConfigurationList = 84A3851C1C1709D200F8FC40 /* Build configuration list for PBXProject "SliderDemo" */;
			compatibilityVersion = "Xcode 3.2";
			developmentRegion = English;
			hasScannedForEncodings = 0;
			knownRegions = (
				en,
				Base,
			);
			mainGroup = 84A385181C1709D200F8FC40;
			productRefGroup = 84A385221C1709D200F8FC40 /* Products */;
			projectDirPath = "";
			projectRoot = "";
			targets = (
				84A385201C1709D200F8FC40 /* SliderDemo */,
				84A385391C1709D200F8FC40 /* SliderDemoTests */,
			);
		};
/* End PBXProject section */

/* Begin PBXResourcesBuildPhase section */
		84A3851F1C1709D200F8FC40 /* Resources */ = {
			isa = PBXResourcesBuildPhase;
			buildActionMask = 2147483647;
			files = (
				84A3857F1C170A1400F8FC40 /* home_Nav.png in Resources */,
				84A385801C170A1400F8FC40 /* home_Nav@2x.png in Resources */,
				84A385301C1709D200F8FC40 /* Main.storyboard in Resources */,
				84A385811C170A1400F8FC40 /* Tabar_background@2x.png in Resources */,
				84A385351C1709D200F8FC40 /* LaunchScreen.xib in Resources */,
				84A385321C1709D200F8FC40 /* Images.xcassets in Resources */,
			);
			runOnlyForDeploymentPostprocessing = 0;
		};
		84A385381C1709D200F8FC40 /* Resources */ = {
			isa = PBXResourcesBuildPhase;
			buildActionMask = 2147483647;
			files = (
			);
			runOnlyForDeploymentPostprocessing = 0;
		};
/* End PBXResourcesBuildPhase section */

/* Begin PBXSourcesBuildPhase section */
		84A3851D1C1709D200F8FC40 /* Sources */ = {
			isa = PBXSourcesBuildPhase;
			buildActionMask = 2147483647;
			files = (
				84A3858B1C170A1400F8FC40 /* unzip.c in Sources */,
				84A3857C1C170A1400F8FC40 /* UIViewController+MLTransition.m in Sources */,
				84A385831C170A1400F8FC40 /* LeftViewController.m in Sources */,
				84A385911C170CD700F8FC40 /* UIView+Extension.m in Sources */,
				84A385B81C17130D00F8FC40 /* README.md in Sources */,
				84A3852D1C1709D200F8FC40 /* ViewController.m in Sources */,
				84A3852A1C1709D200F8FC40 /* AppDelegate.m in Sources */,
				84A385B61C17130D00F8FC40 /* unzip.c in Sources */,
				84A385271C1709D200F8FC40 /* main.m in Sources */,
				84A3858C1C170A1400F8FC40 /* zip.c in Sources */,
				84A385B41C17130D00F8FC40 /* ioapi.c in Sources */,
				84A3857A1C170A1400F8FC40 /* MLBlackTransition.m in Sources */,
				84A3857D1C170A1400F8FC40 /* QHCommonUtil.m in Sources */,
				84A3858A1C170A1400F8FC40 /* mztools.c in Sources */,
				84A385851C170A1400F8FC40 /* YYLetfItemCell.m in Sources */,
				84A3857E1C170A1400F8FC40 /* QHConfiguredObj.m in Sources */,
				84A385B51C17130D00F8FC40 /* mztools.c in Sources */,
				84A385821C170A1400F8FC40 /* SliderViewController.m in Sources */,
				84A385891C170A1400F8FC40 /* ioapi.c in Sources */,
				84A385B71C17130D00F8FC40 /* zip.c in Sources */,
				84A3858D1C170A1400F8FC40 /* ZipArchive.mm in Sources */,
				84A385841C170A1400F8FC40 /* MainTabViewController.m in Sources */,
				84A3857B1C170A1400F8FC40 /* MLTransitionAnimation.m in Sources */,
				84A385871C170A1400F8FC40 /* QHBasicViewController.m in Sources */,
				84A385861C170A1400F8FC40 /* YYTabBaseViewController.m in Sources */,
				84A385B91C17130D00F8FC40 /* ZipArchive.mm in Sources */,
				84A385881C170A1400F8FC40 /* UIView+KGViewExtend.m in Sources */,
			);
			runOnlyForDeploymentPostprocessing = 0;
		};
		84A385361C1709D200F8FC40 /* Sources */ = {
			isa = PBXSourcesBuildPhase;
			buildActionMask = 2147483647;
			files = (
				84A385411C1709D200F8FC40 /* SliderDemoTests.m in Sources */,
			);
			runOnlyForDeploymentPostprocessing = 0;
		};
/* End PBXSourcesBuildPhase section */

/* Begin PBXTargetDependency section */
		84A3853C1C1709D200F8FC40 /* PBXTargetDependency */ = {
			isa = PBXTargetDependency;
			target = 84A385201C1709D200F8FC40 /* SliderDemo */;
			targetProxy = 84A3853B1C1709D200F8FC40 /* PBXContainerItemProxy */;
		};
/* End PBXTargetDependency section */

/* Begin PBXVariantGroup section */
		84A3852E1C1709D200F8FC40 /* Main.storyboard */ = {
			isa = PBXVariantGroup;
			children = (
				84A3852F1C1709D200F8FC40 /* Base */,
			);
			name = Main.storyboard;
			sourceTree = "<group>";
		};
		84A385331C1709D200F8FC40 /* LaunchScreen.xib */ = {
			isa = PBXVariantGroup;
			children = (
				84A385341C1709D200F8FC40 /* Base */,
			);
			name = LaunchScreen.xib;
			sourceTree = "<group>";
		};
/* End PBXVariantGroup section */

/* Begin XCBuildConfiguration section */
		84A385421C1709D200F8FC40 /* Debug */ = {
			isa = XCBuildConfiguration;
			buildSettings = {
				ALWAYS_SEARCH_USER_PATHS = NO;
				CLANG_CXX_LANGUAGE_STANDARD = "gnu++0x";
				CLANG_CXX_LIBRARY = "libc++";
				CLANG_ENABLE_MODULES = YES;
				CLANG_ENABLE_OBJC_ARC = YES;
				CLANG_WARN_BOOL_CONVERSION = YES;
				CLANG_WARN_CONSTANT_CONVERSION = YES;
				CLANG_WARN_DIRECT_OBJC_ISA_USAGE = YES_ERROR;
				CLANG_WARN_EMPTY_BODY = YES;
				CLANG_WARN_ENUM_CONVERSION = YES;
				CLANG_WARN_INT_CONVERSION = YES;
				CLANG_WARN_OBJC_ROOT_CLASS = YES_ERROR;
				CLANG_WARN_UNREACHABLE_CODE = YES;
				CLANG_WARN__DUPLICATE_METHOD_MATCH = YES;
				"CODE_SIGN_IDENTITY[sdk=iphoneos*]" = "iPhone Developer";
				COPY_PHASE_STRIP = NO;
				ENABLE_STRICT_OBJC_MSGSEND = YES;
				GCC_C_LANGUAGE_STANDARD = gnu99;
				GCC_DYNAMIC_NO_PIC = NO;
				GCC_OPTIMIZATION_LEVEL = 0;
				GCC_PREPROCESSOR_DEFINITIONS = (
					"DEBUG=1",
					"$(inherited)",
				);
				GCC_SYMBOLS_PRIVATE_EXTERN = NO;
				GCC_WARN_64_TO_32_BIT_CONVERSION = YES;
				GCC_WARN_ABOUT_RETURN_TYPE = YES_ERROR;
				GCC_WARN_UNDECLARED_SELECTOR = YES;
				GCC_WARN_UNINITIALIZED_AUTOS = YES_AGGRESSIVE;
				GCC_WARN_UNUSED_FUNCTION = YES;
				GCC_WARN_UNUSED_VARIABLE = YES;
				IPHONEOS_DEPLOYMENT_TARGET = 8.1;
				MTL_ENABLE_DEBUG_INFO = YES;
				ONLY_ACTIVE_ARCH = YES;
				SDKROOT = iphoneos;
				VALID_ARCHS = "armv7 armv7s";
			};
			name = Debug;
		};
		84A385431C1709D200F8FC40 /* Release */ = {
			isa = XCBuildConfiguration;
			buildSettings = {
				ALWAYS_SEARCH_USER_PATHS = NO;
				CLANG_CXX_LANGUAGE_STANDARD = "gnu++0x";
				CLANG_CXX_LIBRARY = "libc++";
				CLANG_ENABLE_MODULES = YES;
				CLANG_ENABLE_OBJC_ARC = YES;
				CLANG_WARN_BOOL_CONVERSION = YES;
				CLANG_WARN_CONSTANT_CONVERSION = YES;
				CLANG_WARN_DIRECT_OBJC_ISA_USAGE = YES_ERROR;
				CLANG_WARN_EMPTY_BODY = YES;
				CLANG_WARN_ENUM_CONVERSION = YES;
				CLANG_WARN_INT_CONVERSION = YES;
				CLANG_WARN_OBJC_ROOT_CLASS = YES_ERROR;
				CLANG_WARN_UNREACHABLE_CODE = YES;
				CLANG_WARN__DUPLICATE_METHOD_MATCH = YES;
				"CODE_SIGN_IDENTITY[sdk=iphoneos*]" = "iPhone Developer";
				COPY_PHASE_STRIP = YES;
				ENABLE_NS_ASSERTIONS = NO;
				ENABLE_STRICT_OBJC_MSGSEND = YES;
				GCC_C_LANGUAGE_STANDARD = gnu99;
				GCC_WARN_64_TO_32_BIT_CONVERSION = YES;
				GCC_WARN_ABOUT_RETURN_TYPE = YES_ERROR;
				GCC_WARN_UNDECLARED_SELECTOR = YES;
				GCC_WARN_UNINITIALIZED_AUTOS = YES_AGGRESSIVE;
				GCC_WARN_UNUSED_FUNCTION = YES;
				GCC_WARN_UNUSED_VARIABLE = YES;
				IPHONEOS_DEPLOYMENT_TARGET = 8.1;
				MTL_ENABLE_DEBUG_INFO = NO;
				SDKROOT = iphoneos;
				VALIDATE_PRODUCT = YES;
				VALID_ARCHS = "armv7 armv7s";
			};
			name = Release;
		};
		84A385451C1709D200F8FC40 /* Debug */ = {
			isa = XCBuildConfiguration;
			buildSettings = {
				ASSETCATALOG_COMPILER_APPICON_NAME = AppIcon;
				INFOPLIST_FILE = SliderDemo/Info.plist;
				LD_RUNPATH_SEARCH_PATHS = "$(inherited) @executable_path/Frameworks";
				PRODUCT_NAME = "$(TARGET_NAME)";
			};
			name = Debug;
		};
		84A385461C1709D200F8FC40 /* Release */ = {
			isa = XCBuildConfiguration;
			buildSettings = {
				ASSETCATALOG_COMPILER_APPICON_NAME = AppIcon;
				INFOPLIST_FILE = SliderDemo/Info.plist;
				LD_RUNPATH_SEARCH_PATHS = "$(inherited) @executable_path/Frameworks";
				PRODUCT_NAME = "$(TARGET_NAME)";
			};
			name = Release;
		};
		84A385481C1709D200F8FC40 /* Debug */ = {
			isa = XCBuildConfiguration;
			buildSettings = {
				BUNDLE_LOADER = "$(TEST_HOST)";
				FRAMEWORK_SEARCH_PATHS = (
					"$(SDKROOT)/Developer/Library/Frameworks",
					"$(inherited)",
				);
				GCC_PREPROCESSOR_DEFINITIONS = (
					"DEBUG=1",
					"$(inherited)",
				);
				INFOPLIST_FILE = SliderDemoTests/Info.plist;
				LD_RUNPATH_SEARCH_PATHS = "$(inherited) @executable_path/Frameworks @loader_path/Frameworks";
				PRODUCT_NAME = "$(TARGET_NAME)";
				TEST_HOST = "$(BUILT_PRODUCTS_DIR)/SliderDemo.app/SliderDemo";
			};
			name = Debug;
		};
		84A385491C1709D200F8FC40 /* Release */ = {
			isa = XCBuildConfiguration;
			buildSettings = {
				BUNDLE_LOADER = "$(TEST_HOST)";
				FRAMEWORK_SEARCH_PATHS = (
					"$(SDKROOT)/Developer/Library/Frameworks",
					"$(inherited)",
				);
				INFOPLIST_FILE = SliderDemoTests/Info.plist;
				LD_RUNPATH_SEARCH_PATHS = "$(inherited) @executable_path/Frameworks @loader_path/Frameworks";
				PRODUCT_NAME = "$(TARGET_NAME)";
				TEST_HOST = "$(BUILT_PRODUCTS_DIR)/SliderDemo.app/SliderDemo";
			};
			name = Release;
		};
/* End XCBuildConfiguration section */

/* Begin XCConfigurationList section */
		84A3851C1C1709D200F8FC40 /* Build configuration list for PBXProject "SliderDemo" */ = {
			isa = XCConfigurationList;
			buildConfigurations = (
				84A385421C1709D200F8FC40 /* Debug */,
				84A385431C1709D200F8FC40 /* Release */,
			);
			defaultConfigurationIsVisible = 0;
			defaultConfigurationName = Release;
		};
		84A385441C1709D200F8FC40 /* Build configuration list for PBXNativeTarget "SliderDemo" */ = {
			isa = XCConfigurationList;
			buildConfigurations = (
				84A385451C1709D200F8FC40 /* Debug */,
				84A385461C1709D200F8FC40 /* Release */,
			);
			defaultConfigurationIsVisible = 0;
		};
		84A385471C1709D200F8FC40 /* Build configuration list for PBXNativeTarget "SliderDemoTests" */ = {
			isa = XCConfigurationList;
			buildConfigurations = (
				84A385481C1709D200F8FC40 /* Debug */,
				84A385491C1709D200F8FC40 /* Release */,
			);
			defaultConfigurationIsVisible = 0;
		};
/* End XCConfigurationList section */
	};
	rootObject = 84A385191C1709D200F8FC40 /* Project object */;
}
